
Microsoft Visual Studio Solution File, Format Version 12.00
# Visual Studio 15
VisualStudioVersion = 15.0.27703.2042
MinimumVisualStudioVersion = 10.0.40219.1
Project("{8BC9CEB8-8B4A-11D0-8D11-00A0C91BC942}") = "1-5", "1-5\1-5.vcxproj", "{205F410A-BFAB-450E-A1FD-A7198CA3081F}"
EndProject
Project("{8BC9CEB8-8B4A-11D0-8D11-00A0C91BC942}") = "1-6", "1-6\1-6.vcxproj", "{DF824663-96BD-4FB6-B94D-37C557B26342}"
EndProject
Project("{8BC9CEB8-8B4A-11D0-8D11-00A0C91BC942}") = "1-7", "1-7\1-7.vcxproj", "{8F183EEE-4549-4119-84DF-7EB5875E196A}"
EndProject
Project("{8BC9CEB8-8B4A-11D0-8D11-00A0C91BC942}") = "1-8", "1-8\1-8.vcxproj", "{CE5F483F-8E1E-4211-B917-315C7BE56B2B}"
EndProject
Project("{8BC9CEB8-8B4A-11D0-8D11-00A0C91BC942}") = "1-9", "1-9\1-9.vcxproj", "{71C8E6B7-C449-4F43-A0C9-A9C2BED0211F}"
EndProject
Project("{8BC9CEB8-8B4A-11D0-8D11-00A0C91BC942}") = "1-10", "1-10\1-10.vcxproj", "{1E0B778C-4840-4E60-A108-17AF75B75AF1}"
EndProject
Project("{8BC9CEB8-8B4A-11D0-8D11-00A0C91BC942}") = "99-j1", "99-ji\99-ji.vcxproj", "{202979E5-CE48-4C0D-B75F-4D0E9EFBA163}"
EndProject
Project("{8BC9CEB8-8B4A-11D0-8D11-00A0C91BC942}") = "2-3", "2-3\2-3.vcxproj", "{7FB979D8-7E40-44AA-BEED-23C1D347B045}"
EndProject
Project("{8BC9CEB8-8B4A-11D0-8D11-00A0C91BC942}") = "2-4", "2-4\2-4.vcxproj", "{F114B1FA-57D6-45B7-8306-F58C2AA4CD7E}"
EndProject
Project("{8BC9CEB8-8B4A-11D0-8D11-00A0C91BC942}") = "2-7", "2-7\2-7.vcxproj", "{247CBCAF-6713-43D6-9688-7D7715F70C0C}"
EndProject
Project("{8BC9CEB8-8B4A-11D0-8D11-00A0C91BC942}") = "2-8", "2-8\2-8.vcxproj", "{DEF8DD73-1414-43A5-88C6-6159F407B994}"
EndProject
Project("{8BC9CEB8-8B4A-11D0-8D11-00A0C91BC942}") = "3-2", "3-2\3-2.vcxproj", "{6B51669E-9A83-456D-801F-DA49FF994F1A}"
EndProject
Project("{8BC9CEB8-8B4A-11D0-8D11-00A0C91BC942}") = "3-3", "3-3\3-3.vcxproj", "{EAD0D5FC-FB68-42F9-9B0E-082DD4EAD6A1}"
EndProject
Project("{8BC9CEB8-8B4A-11D0-8D11-00A0C91BC942}") = "3-b1", "3-b1\3-b1.vcxproj", "{01C342BD-D149-4784-BF37-42D32BD4B500}"
EndProject
Project("{8BC9CEB8-8B4A-11D0-8D11-00A0C91BC942}") = "3-b2", "3-b2\3-b2.vcxproj", "{5D8A4A9A-0E48-461A-AA40-415721AA6C3A}"
EndProject
Project("{8BC9CEB8-8B4A-11D0-8D11-00A0C91BC942}") = "3-b3", "3-b3\3-b3.vcxproj", "{B4D777E4-0985-4853-90B4-3C58221B66A1}"
EndProject
Project("{8BC9CEB8-8B4A-11D0-8D11-00A0C91BC942}") = "3-b4", "3-b4\3-b4.vcxproj", "{83EE4A7C-14AA-46E4-B5FD-0CCC58CA92BF}"
EndProject
Project("{8BC9CEB8-8B4A-11D0-8D11-00A0C91BC942}") = "3-10", "3-10\3-10.vcxproj", "{A93815E5-B3D8-4473-B900-F9B68CF9350D}"
EndProject
Project("{8BC9CEB8-8B4A-11D0-8D11-00A0C91BC942}") = "3-12", "3-12\3-12.vcxproj", "{0344F535-C467-4C93-9FE2-90B3E1F1842F}"
EndProject
Project("{8BC9CEB8-8B4A-11D0-8D11-00A0C91BC942}") = "3-13", "3-13\3-13.vcxproj", "{258DA97B-21BD-473A-A9AA-8CE3FB6980BA}"
EndProject
Project("{8BC9CEB8-8B4A-11D0-8D11-00A0C91BC942}") = "3-14", "3-14\3-14.vcxproj", "{60DE149F-DA55-4397-9CCB-CC0FA6B78DB3}"
EndProject
Project("{8BC9CEB8-8B4A-11D0-8D11-00A0C91BC942}") = "3-b5", "3-b5\3-b5.vcxproj", "{CD73B73B-1B0C-4F0E-81BC-CDDB23B26EC6}"
EndProject
Project("{8BC9CEB8-8B4A-11D0-8D11-00A0C91BC942}") = "3-b6", "3-b6\3-b6.vcxproj", "{029F714C-29F0-402C-9276-6FD40E310B7E}"
EndProject
Project("{8BC9CEB8-8B4A-11D0-8D11-00A0C91BC942}") = "3-b7", "3-b7\3-b7.vcxproj", "{920FF49D-DC9A-4EB7-9324-1B50C54356A5}"
EndProject
Project("{8BC9CEB8-8B4A-11D0-8D11-00A0C91BC942}") = "3-b8", "3-b8\3-b8.vcxproj", "{6830D6F4-3B5D-4D19-BE1C-9FFB67BB3E8F}"
EndProject
Project("{8BC9CEB8-8B4A-11D0-8D11-00A0C91BC942}") = "3-b9", "3-b9\3-b9.vcxproj", "{EE575A6C-CA51-48F9-9425-96FB22083AA5}"
EndProject
Project("{8BC9CEB8-8B4A-11D0-8D11-00A0C91BC942}") = "3-b10", "3-b10\3-b10.vcxproj", "{C1F1C067-BC2A-473A-87C2-940EFE252EB5}"
EndProject
Project("{8BC9CEB8-8B4A-11D0-8D11-00A0C91BC942}") = "3-b11", "3-b11\3-b11.vcxproj", "{A644449E-A67B-4BFC-81FD-CA0FA81FF740}"
EndProject
Project("{8BC9CEB8-8B4A-11D0-8D11-00A0C91BC942}") = "3-20", "3-20\3-20.vcxproj", "{C3F3AF2E-952D-4A56-BA0B-4C70F8EC6D4F}"
EndProject
Project("{8BC9CEB8-8B4A-11D0-8D11-00A0C91BC942}") = "3-23", "3-23\3-23.vcxproj", "{765D6405-E65A-4E4A-BE79-466E70BAE3D6}"
EndProject
Project("{8BC9CEB8-8B4A-11D0-8D11-00A0C91BC942}") = "3-b12", "3-b12\3-b12.vcxproj", "{ECBFA16B-4267-4D54-A361-3D1B7921938A}"
EndProject
Project("{8BC9CEB8-8B4A-11D0-8D11-00A0C91BC942}") = "3-b13", "3-b13\3-b13.vcxproj", "{CBBD56E7-A54E-4065-9009-A091CEB67893}"
EndProject
Project("{8BC9CEB8-8B4A-11D0-8D11-00A0C91BC942}") = "3-b14", "3-b14\3-b14.vcxproj", "{4AA477C6-A1AC-43D9-8C2E-C67F9F1AE09A}"
EndProject
Project("{8BC9CEB8-8B4A-11D0-8D11-00A0C91BC942}") = "3-b15", "3-b15\3-b15.vcxproj", "{51C547B9-600E-4435-B51A-B212BD7CEEB0}"
EndProject
Project("{8BC9CEB8-8B4A-11D0-8D11-00A0C91BC942}") = "3-b16", "3-b16\3-b16.vcxproj", "{E98F0A57-D339-4D9C-A6A7-F4615492207A}"
EndProject
Project("{8BC9CEB8-8B4A-11D0-8D11-00A0C91BC942}") = "3-b17", "3-b17\3-b17.vcxproj", "{83E3FFA1-9F78-4FDF-BFC3-286D7914F5D1}"
EndProject
Project("{8BC9CEB8-8B4A-11D0-8D11-00A0C91BC942}") = "3-b18", "3-b18\3-b18.vcxproj", "{BFBB85E4-0830-429D-8C7B-B3227117C73C}"
EndProject
Project("{8BC9CEB8-8B4A-11D0-8D11-00A0C91BC942}") = "3-22", "3-22\3-22.cpp.vcxproj", "{4D09B0BE-150D-4E63-B516-ED72FA25E108}"
EndProject
Project("{8BC9CEB8-8B4A-11D0-8D11-00A0C91BC942}") = "99-j2", "99-j2\99-j2.vcxproj", "{C090EB58-BBDD-4BB3-B34A-F62632CCFD5C}"
EndProject
Project("{8BC9CEB8-8B4A-11D0-8D11-00A0C91BC942}") = "4-2", "4-2\4-2.vcxproj", "{FD9A05DD-29F4-4087-92FA-B3CA00FDAC6B}"
EndProject
Project("{8BC9CEB8-8B4A-11D0-8D11-00A0C91BC942}") = "4-6", "4-6\4-6.vcxproj", "{BEEEC36C-EFA1-4A73-B69D-FA3AC40C53E0}"
EndProject
Project("{8BC9CEB8-8B4A-11D0-8D11-00A0C91BC942}") = "4-b1", "4-b1\4-b1.vcxproj", "{78E74D8B-C767-409F-96C4-0B85A587FF81}"
EndProject
Project("{8BC9CEB8-8B4A-11D0-8D11-00A0C91BC942}") = "4-b2", "4-b2\4-b2.vcxproj", "{24A02479-0BCD-4C28-8020-8BA88092D4A5}"
EndProject
Project("{8BC9CEB8-8B4A-11D0-8D11-00A0C91BC942}") = "4-b3", "4-b3\4-b3.vcxproj", "{CD7AF0AF-B35F-4F61-87F3-B5B50D4D0279}"
EndProject
Project("{8BC9CEB8-8B4A-11D0-8D11-00A0C91BC942}") = "4-b4", "4-b4\4-b4.vcxproj", "{2ADFD6A3-2E56-43A0-86C7-035665C0BD62}"
EndProject
Project("{8BC9CEB8-8B4A-11D0-8D11-00A0C91BC942}") = "demo", "demo\demo.vcxproj", "{F46C542C-4547-4E22-8165-B7D9E695BA53}"
EndProject
Project("{8BC9CEB8-8B4A-11D0-8D11-00A0C91BC942}") = "4-4", "4-4\4-4.vcxproj", "{B080B44F-B6E0-474B-9206-796D68EC7EA5}"
EndProject
Project("{8BC9CEB8-8B4A-11D0-8D11-00A0C91BC942}") = "4-8", "4-8\4-8.vcxproj", "{A31BA47B-82DE-424F-A973-6D6E04C399DE}"
EndProject
Project("{8BC9CEB8-8B4A-11D0-8D11-00A0C91BC942}") = "4-9", "4-9\4-9.vcxproj", "{4FD76269-ACA8-4276-9C58-976B225E8402}"
EndProject
Project("{8BC9CEB8-8B4A-11D0-8D11-00A0C91BC942}") = "4-10", "4-10\4-10.vcxproj", "{28263542-412B-471B-8C28-25E3202235AC}"
EndProject
Project("{8BC9CEB8-8B4A-11D0-8D11-00A0C91BC942}") = "4-11", "4-11\4-11.vcxproj", "{DF94B264-AF00-4841-834A-0319A8D4E730}"
EndProject
Project("{8BC9CEB8-8B4A-11D0-8D11-00A0C91BC942}") = "4-b5", "4-b5\4-b5.vcxproj", "{4961DFAB-317D-4845-A997-A4E0029F7B44}"
EndProject
Project("{8BC9CEB8-8B4A-11D0-8D11-00A0C91BC942}") = "4-b6", "4-b6\4-b6.vcxproj", "{C3E11AA9-B6CA-4E62-B8BB-9210ED7B1795}"
EndProject
Project("{8BC9CEB8-8B4A-11D0-8D11-00A0C91BC942}") = "4-b7", "4-b7\4-b7.vcxproj", "{CCDC6A4B-3902-456A-81AA-0EC4F2E7D93A}"
EndProject
Project("{8BC9CEB8-8B4A-11D0-8D11-00A0C91BC942}") = "4-b8", "4-b8\4-b8.vcxproj", "{800ACA33-3079-4731-B5A9-79F9887698C0}"
EndProject
Project("{8BC9CEB8-8B4A-11D0-8D11-00A0C91BC942}") = "4-b9", "4-b9\4-b9.vcxproj", "{234633D4-F720-45E3-8A78-15667C4AD634}"
EndProject
Project("{8BC9CEB8-8B4A-11D0-8D11-00A0C91BC942}") = "4-b10", "4-b10\4-b10.vcxproj", "{7ED134A3-B397-4076-971D-6178510A89DF}"
EndProject
Project("{8BC9CEB8-8B4A-11D0-8D11-00A0C91BC942}") = "4-b11", "4-b11\4-b11.vcxproj", "{BB79B7B6-810B-46ED-BCD8-3AE5839A242D}"
EndProject
Project("{8BC9CEB8-8B4A-11D0-8D11-00A0C91BC942}") = "4-b12", "4-b12\4-b12.vcxproj", "{F5F9DE23-573F-4DCC-A09E-4F0C0EECDA9C}"
EndProject
Project("{8BC9CEB8-8B4A-11D0-8D11-00A0C91BC942}") = "4-b13", "4-b13\4-b13.vcxproj", "{36382BF2-F4B4-4470-A2FF-952E56DCE31F}"
EndProject
Project("{8BC9CEB8-8B4A-11D0-8D11-00A0C91BC942}") = "4-b14", "4-b14\4-b14.vcxproj", "{AF671B8C-1022-406D-94BE-9409785C2396}"
EndProject
Project("{8BC9CEB8-8B4A-11D0-8D11-00A0C91BC942}") = "4-b15", "4-b15\4-b15.vcxproj", "{F12A591B-B1B9-4407-8E91-5B723EF96010}"
EndProject
Project("{8BC9CEB8-8B4A-11D0-8D11-00A0C91BC942}") = "4-b16", "4-b16\4-b16.vcxproj", "{653EBD13-50F3-4E74-B4C9-86C1FDD01BAE}"
EndProject
Project("{8BC9CEB8-8B4A-11D0-8D11-00A0C91BC942}") = "4-b17", "4-b17\4-b17.vcxproj", "{3A0D0523-E1F0-4E74-9CC2-72B36EDF6F1B}"
EndProject
Project("{8BC9CEB8-8B4A-11D0-8D11-00A0C91BC942}") = "4-b18", "4-b18\4-b18.vcxproj", "{E633603B-8D23-4A44-8DDF-D5006B16C891}"
EndProject
Project("{8BC9CEB8-8B4A-11D0-8D11-00A0C91BC942}") = "5-4", "5-4\5-4.vcxproj", "{8D8BCC44-70E2-4CF2-A88C-45E39A2CEBDF}"
EndProject
Project("{8BC9CEB8-8B4A-11D0-8D11-00A0C91BC942}") = "5-b2", "5-b2\5-b2.vcxproj", "{E44BEBEE-699E-4224-B6A5-26292CE97F04}"
EndProject
Project("{8BC9CEB8-8B4A-11D0-8D11-00A0C91BC942}") = "5-b3", "5-b3\5-b3.vcxproj", "{5916448D-45B1-4FDA-902E-59B4F632F825}"
EndProject
Project("{8BC9CEB8-8B4A-11D0-8D11-00A0C91BC942}") = "5-b5-1", "5-b5-1\5-b5-1.vcxproj", "{BB53356D-E65B-4A82-9096-AD258773C42F}"
EndProject
Project("{8BC9CEB8-8B4A-11D0-8D11-00A0C91BC942}") = "5-b5-2", "5-b5-2\5-b5-2.vcxproj", "{B04F78F4-4D1F-4A9A-8EE0-7A7E614F5C8C}"
EndProject
Project("{8BC9CEB8-8B4A-11D0-8D11-00A0C91BC942}") = "5-b4", "5-b4\5-b4.vcxproj", "{0E47F3EB-7DFC-43BA-AA14-E54311DA0EC4}"
EndProject
Project("{8BC9CEB8-8B4A-11D0-8D11-00A0C91BC942}") = "5-b1", "5-b1\5-b1.vcxproj", "{B5900A81-2E9E-4E08-B882-6D2B08EC3F0C}"
EndProject
Project("{8BC9CEB8-8B4A-11D0-8D11-00A0C91BC942}") = "5-b1-test", "5-b1-test\5-b1-test.vcxproj", "{0A61169D-F1F4-461D-84C5-EE5B25FEDC08}"
EndProject
Project("{8BC9CEB8-8B4A-11D0-8D11-00A0C91BC942}") = "5-5-5", "5-5-5\5-5-5.vcxproj", "{F76DB12C-A130-45FD-BD09-0BA591F3F645}"
EndProject
Project("{8BC9CEB8-8B4A-11D0-8D11-00A0C91BC942}") = "5-6", "5-6\5-6.vcxproj", "{60CB0580-7EAE-47A7-BEEB-1C0F3937A5D3}"
EndProject
Project("{8BC9CEB8-8B4A-11D0-8D11-00A0C91BC942}") = "5-10", "5-10\5-10.vcxproj", "{D7F83037-F144-490F-847B-A9C9B43B72EA}"
EndProject
Project("{8BC9CEB8-8B4A-11D0-8D11-00A0C91BC942}") = "5-12", "5-12\5-12.vcxproj", "{CE1F273C-A2CE-434D-9C8B-A63264AD4BA5}"
EndProject
Project("{8BC9CEB8-8B4A-11D0-8D11-00A0C91BC942}") = "5-b7", "5-b7\5-b7.vcxproj", "{E2E5C4EE-9563-4726-8F96-8912ADD734C6}"
EndProject
Project("{8BC9CEB8-8B4A-11D0-8D11-00A0C91BC942}") = "5-b8", "5-b8\5-b8.vcxproj", "{A733DB70-0758-4145-8809-C0BB04D97604}"
EndProject
Project("{8BC9CEB8-8B4A-11D0-8D11-00A0C91BC942}") = "5-b9", "5-b9\5-b9.vcxproj", "{50E2C21C-9A80-40FC-98E4-FFF8B558DC1F}"
EndProject
Project("{8BC9CEB8-8B4A-11D0-8D11-00A0C91BC942}") = "5-b10", "5-b10\5-b10.vcxproj", "{D5B1EB11-C39C-4C50-94D4-409F75CB0E44}"
EndProject
Project("{8BC9CEB8-8B4A-11D0-8D11-00A0C91BC942}") = "5-b11", "5-b11\5-b11.vcxproj", "{4FD3435C-EBA2-4A0D-923C-2C47661EF58F}"
EndProject
Project("{8BC9CEB8-8B4A-11D0-8D11-00A0C91BC942}") = "5-b12", "5-b12\5-b12.vcxproj", "{A1BDC5A3-69BF-446A-A368-11CDEC5312E0}"
EndProject
Project("{8BC9CEB8-8B4A-11D0-8D11-00A0C91BC942}") = "5-b13", "5-b13\5-b13.vcxproj", "{5D996463-720A-45FB-A78F-C69CFC959B75}"
EndProject
Project("{8BC9CEB8-8B4A-11D0-8D11-00A0C91BC942}") = "99-j3", "99-j3\99-j3.vcxproj", "{0595A783-27F2-474E-8CE8-7152648A9724}"
EndProject
Project("{8BC9CEB8-8B4A-11D0-8D11-00A0C91BC942}") = "90-b1", "90-b1\90-b1.vcxproj", "{5CF57F6A-E876-4F9C-8DFB-5FB70F39AD17}"
EndProject
Project("{8BC9CEB8-8B4A-11D0-8D11-00A0C91BC942}") = "90-b1-test", "90-b1-test\90-b1-test.vcxproj", "{C5E12588-B633-4081-810D-F21FA0AADF87}"
EndProject
Project("{8BC9CEB8-8B4A-11D0-8D11-00A0C91BC942}") = "5-17-1", "5-17-1\5-17-1.vcxproj", "{17B0C5B4-7A36-43C1-AEBC-02D91C99AB5E}"
EndProject
Project("{8BC9CEB8-8B4A-11D0-8D11-00A0C91BC942}") = "5-17-2", "5-17-2\5-17-2.vcxproj", "{F6627F52-ADCC-45DE-9681-17EB0C3B35CC}"
EndProject
Project("{8BC9CEB8-8B4A-11D0-8D11-00A0C91BC942}") = "5-b14", "5-b14\5-b14.vcxproj", "{D02B7FF1-F2B6-48A3-8BBC-2BFBE90CBE23}"
EndProject
Project("{8BC9CEB8-8B4A-11D0-8D11-00A0C91BC942}") = "5-b15", "5-b15\5-b15.vcxproj", "{87A38B66-92E8-46C0-BDDB-FB458138819C}"
EndProject
Project("{8BC9CEB8-8B4A-11D0-8D11-00A0C91BC942}") = "5-b16-1", "5-b16-1\5-b16-1.vcxproj", "{8726EEF2-158E-40FE-AE0A-E69DDDA025EB}"
EndProject
Project("{8BC9CEB8-8B4A-11D0-8D11-00A0C91BC942}") = "5-b16-2", "5-b16-2\5-b16-2.vcxproj", "{1A9339AA-1D32-400F-8ED6-235BB10D096B}"
EndProject
Project("{8BC9CEB8-8B4A-11D0-8D11-00A0C91BC942}") = "5-b17-sub", "5-b17-sub\5-b17-sub.vcxproj", "{8F024263-6DB2-4177-9D66-0B9EC741E325}"
EndProject
Project("{8BC9CEB8-8B4A-11D0-8D11-00A0C91BC942}") = "5-b18", "5-b18\5-b18.vcxproj", "{14FB0518-BEB2-482C-AC6D-FF1D467D58D6}"
EndProject
Project("{8BC9CEB8-8B4A-11D0-8D11-00A0C91BC942}") = "5-b19", "5-b19\5-b19.vcxproj", "{CF2DD77E-CE4E-4E22-B3A0-C0EAAAE44BA4}"
EndProject
Project("{8BC9CEB8-8B4A-11D0-8D11-00A0C91BC942}") = "5-b20", "5-b20\5-b20.vcxproj", "{08DA1DA6-A0B5-495B-A8F2-A8D9DBE91EFB}"
EndProject
Project("{8BC9CEB8-8B4A-11D0-8D11-00A0C91BC942}") = "5-b21", "5-b21\5-b21.vcxproj", "{7562C0DB-FA21-4102-B633-EDDDBF6925A5}"
EndProject
Project("{8BC9CEB8-8B4A-11D0-8D11-00A0C91BC942}") = "6-4-2", "6-4-1\6-4-1.vcxproj", "{6277D58E-BC37-4467-939A-9659361EDCA3}"
EndProject
Project("{8BC9CEB8-8B4A-11D0-8D11-00A0C91BC942}") = "6-4-1", "6-4-2\6-4-2.vcxproj", "{F8E889B6-FB01-4590-BE90-93464C93ABDE}"
EndProject
Project("{8BC9CEB8-8B4A-11D0-8D11-00A0C91BC942}") = "6-b2", "6-b2\6-b2.vcxproj", "{F9986AE0-B63C-4C6C-8DE6-84EB39F4A3F7}"
EndProject
Project("{8BC9CEB8-8B4A-11D0-8D11-00A0C91BC942}") = "6-b3", "6-b3\6-b3.vcxproj", "{A4684613-496C-40B8-8418-7E40C614DA6C}"
EndProject
Project("{8BC9CEB8-8B4A-11D0-8D11-00A0C91BC942}") = "6-15-1", "6-15-1\6-15-1.vcxproj", "{B076BF97-464C-49AA-9AE3-C492399876D9}"
EndProject
Project("{8BC9CEB8-8B4A-11D0-8D11-00A0C91BC942}") = "6-15-2", "6-15-2\6-15-2.vcxproj", "{58DB7DD1-1A67-45DC-9972-18168225580E}"
EndProject
Project("{8BC9CEB8-8B4A-11D0-8D11-00A0C91BC942}") = "6-16", "6-16\6-16.vcxproj", "{DDA0D5A4-8CF2-482C-BBBB-22B9736D860E}"
EndProject
Project("{8BC9CEB8-8B4A-11D0-8D11-00A0C91BC942}") = "6-b4", "6-b4\6-b4.vcxproj", "{1EB84BB6-B976-41D0-A7B7-CB76BB82E2D5}"
EndProject
Project("{8BC9CEB8-8B4A-11D0-8D11-00A0C91BC942}") = "6-b5", "6-b5\6-b5.vcxproj", "{FC78F150-7332-4668-9FC1-9E7126B0C358}"
EndProject
Project("{8BC9CEB8-8B4A-11D0-8D11-00A0C91BC942}") = "report-VS2017", "report-VS2017\report-VS2017.vcxproj", "{EA132C5E-7277-4374-87EA-0B178164BF3D}"
EndProject
Project("{8BC9CEB8-8B4A-11D0-8D11-00A0C91BC942}") = "90-b2", "90-b2\90-b2.vcxproj", "{95ABF3DC-8B59-409E-B096-E2D780BE5EC8}"
EndProject
Project("{8BC9CEB8-8B4A-11D0-8D11-00A0C91BC942}") = "90-b2-test", "90-b2-test\90-b2-test.vcxproj", "{CEBDFAAA-5AC2-47E5-AB8A-540150266C3F}"
EndProject
Project("{8BC9CEB8-8B4A-11D0-8D11-00A0C91BC942}") = "6-13", "6-13\6-13.vcxproj", "{9DEB8C96-1AAF-4A93-9C28-63C8040E0D7C}"
EndProject
Project("{8BC9CEB8-8B4A-11D0-8D11-00A0C91BC942}") = "6-18", "6-18\6-18.vcxproj", "{BDA1C9EA-8246-44E1-964B-7CBA325BF189}"
EndProject
Project("{8BC9CEB8-8B4A-11D0-8D11-00A0C91BC942}") = "6-b6", "6-b6\6-b6.vcxproj", "{EFD215BC-8D53-4FF0-BCBC-B775365D604D}"
EndProject
Project("{8BC9CEB8-8B4A-11D0-8D11-00A0C91BC942}") = "6-b7", "6-b7\6-b7.vcxproj", "{B86388BF-D744-438C-B4E5-FA90C0A2586B}"
EndProject
Project("{8BC9CEB8-8B4A-11D0-8D11-00A0C91BC942}") = "99-j4", "99-j4\99-j4.vcxproj", "{81F7B171-27BC-41BC-95B0-22B10BD89465}"
EndProject
Project("{8BC9CEB8-8B4A-11D0-8D11-00A0C91BC942}") = "99-j5", "99-j5\99-j5.vcxproj", "{56C44F55-0FCD-491D-82D5-DF477D70C8D6}"
EndProject
Global
	GlobalSection(SolutionConfigurationPlatforms) = preSolution
		Debug|x64 = Debug|x64
		Debug|x86 = Debug|x86
		Release|x64 = Release|x64
		Release|x86 = Release|x86
	EndGlobalSection
	GlobalSection(ProjectConfigurationPlatforms) = postSolution
		{205F410A-BFAB-450E-A1FD-A7198CA3081F}.Debug|x64.ActiveCfg = Debug|x64
		{205F410A-BFAB-450E-A1FD-A7198CA3081F}.Debug|x64.Build.0 = Debug|x64
		{205F410A-BFAB-450E-A1FD-A7198CA3081F}.Debug|x86.ActiveCfg = Debug|Win32
		{205F410A-BFAB-450E-A1FD-A7198CA3081F}.Debug|x86.Build.0 = Debug|Win32
		{205F410A-BFAB-450E-A1FD-A7198CA3081F}.Release|x64.ActiveCfg = Release|x64
		{205F410A-BFAB-450E-A1FD-A7198CA3081F}.Release|x64.Build.0 = Release|x64
		{205F410A-BFAB-450E-A1FD-A7198CA3081F}.Release|x86.ActiveCfg = Release|Win32
		{205F410A-BFAB-450E-A1FD-A7198CA3081F}.Release|x86.Build.0 = Release|Win32
		{DF824663-96BD-4FB6-B94D-37C557B26342}.Debug|x64.ActiveCfg = Debug|x64
		{DF824663-96BD-4FB6-B94D-37C557B26342}.Debug|x64.Build.0 = Debug|x64
		{DF824663-96BD-4FB6-B94D-37C557B26342}.Debug|x86.ActiveCfg = Debug|Win32
		{DF824663-96BD-4FB6-B94D-37C557B26342}.Debug|x86.Build.0 = Debug|Win32
		{DF824663-96BD-4FB6-B94D-37C557B26342}.Release|x64.ActiveCfg = Release|x64
		{DF824663-96BD-4FB6-B94D-37C557B26342}.Release|x64.Build.0 = Release|x64
		{DF824663-96BD-4FB6-B94D-37C557B26342}.Release|x86.ActiveCfg = Release|Win32
		{DF824663-96BD-4FB6-B94D-37C557B26342}.Release|x86.Build.0 = Release|Win32
		{8F183EEE-4549-4119-84DF-7EB5875E196A}.Debug|x64.ActiveCfg = Debug|x64
		{8F183EEE-4549-4119-84DF-7EB5875E196A}.Debug|x64.Build.0 = Debug|x64
		{8F183EEE-4549-4119-84DF-7EB5875E196A}.Debug|x86.ActiveCfg = Debug|Win32
		{8F183EEE-4549-4119-84DF-7EB5875E196A}.Debug|x86.Build.0 = Debug|Win32
		{8F183EEE-4549-4119-84DF-7EB5875E196A}.Release|x64.ActiveCfg = Release|x64
		{8F183EEE-4549-4119-84DF-7EB5875E196A}.Release|x64.Build.0 = Release|x64
		{8F183EEE-4549-4119-84DF-7EB5875E196A}.Release|x86.ActiveCfg = Release|Win32
		{8F183EEE-4549-4119-84DF-7EB5875E196A}.Release|x86.Build.0 = Release|Win32
		{CE5F483F-8E1E-4211-B917-315C7BE56B2B}.Debug|x64.ActiveCfg = Debug|x64
		{CE5F483F-8E1E-4211-B917-315C7BE56B2B}.Debug|x64.Build.0 = Debug|x64
		{CE5F483F-8E1E-4211-B917-315C7BE56B2B}.Debug|x86.ActiveCfg = Debug|Win32
		{CE5F483F-8E1E-4211-B917-315C7BE56B2B}.Debug|x86.Build.0 = Debug|Win32
		{CE5F483F-8E1E-4211-B917-315C7BE56B2B}.Release|x64.ActiveCfg = Release|x64
		{CE5F483F-8E1E-4211-B917-315C7BE56B2B}.Release|x64.Build.0 = Release|x64
		{CE5F483F-8E1E-4211-B917-315C7BE56B2B}.Release|x86.ActiveCfg = Release|Win32
		{CE5F483F-8E1E-4211-B917-315C7BE56B2B}.Release|x86.Build.0 = Release|Win32
		{71C8E6B7-C449-4F43-A0C9-A9C2BED0211F}.Debug|x64.ActiveCfg = Debug|x64
		{71C8E6B7-C449-4F43-A0C9-A9C2BED0211F}.Debug|x64.Build.0 = Debug|x64
		{71C8E6B7-C449-4F43-A0C9-A9C2BED0211F}.Debug|x86.ActiveCfg = Debug|Win32
		{71C8E6B7-C449-4F43-A0C9-A9C2BED0211F}.Debug|x86.Build.0 = Debug|Win32
		{71C8E6B7-C449-4F43-A0C9-A9C2BED0211F}.Release|x64.ActiveCfg = Release|x64
		{71C8E6B7-C449-4F43-A0C9-A9C2BED0211F}.Release|x64.Build.0 = Release|x64
		{71C8E6B7-C449-4F43-A0C9-A9C2BED0211F}.Release|x86.ActiveCfg = Release|Win32
		{71C8E6B7-C449-4F43-A0C9-A9C2BED0211F}.Release|x86.Build.0 = Release|Win32
		{1E0B778C-4840-4E60-A108-17AF75B75AF1}.Debug|x64.ActiveCfg = Debug|x64
		{1E0B778C-4840-4E60-A108-17AF75B75AF1}.Debug|x64.Build.0 = Debug|x64
		{1E0B778C-4840-4E60-A108-17AF75B75AF1}.Debug|x86.ActiveCfg = Debug|Win32
		{1E0B778C-4840-4E60-A108-17AF75B75AF1}.Debug|x86.Build.0 = Debug|Win32
		{1E0B778C-4840-4E60-A108-17AF75B75AF1}.Release|x64.ActiveCfg = Release|x64
		{1E0B778C-4840-4E60-A108-17AF75B75AF1}.Release|x64.Build.0 = Release|x64
		{1E0B778C-4840-4E60-A108-17AF75B75AF1}.Release|x86.ActiveCfg = Release|Win32
		{1E0B778C-4840-4E60-A108-17AF75B75AF1}.Release|x86.Build.0 = Release|Win32
		{202979E5-CE48-4C0D-B75F-4D0E9EFBA163}.Debug|x64.ActiveCfg = Debug|x64
		{202979E5-CE48-4C0D-B75F-4D0E9EFBA163}.Debug|x64.Build.0 = Debug|x64
		{202979E5-CE48-4C0D-B75F-4D0E9EFBA163}.Debug|x86.ActiveCfg = Debug|Win32
		{202979E5-CE48-4C0D-B75F-4D0E9EFBA163}.Debug|x86.Build.0 = Debug|Win32
		{202979E5-CE48-4C0D-B75F-4D0E9EFBA163}.Release|x64.ActiveCfg = Release|x64
		{202979E5-CE48-4C0D-B75F-4D0E9EFBA163}.Release|x64.Build.0 = Release|x64
		{202979E5-CE48-4C0D-B75F-4D0E9EFBA163}.Release|x86.ActiveCfg = Release|Win32
		{202979E5-CE48-4C0D-B75F-4D0E9EFBA163}.Release|x86.Build.0 = Release|Win32
		{7FB979D8-7E40-44AA-BEED-23C1D347B045}.Debug|x64.ActiveCfg = Debug|x64
		{7FB979D8-7E40-44AA-BEED-23C1D347B045}.Debug|x64.Build.0 = Debug|x64
		{7FB979D8-7E40-44AA-BEED-23C1D347B045}.Debug|x86.ActiveCfg = Debug|Win32
		{7FB979D8-7E40-44AA-BEED-23C1D347B045}.Debug|x86.Build.0 = Debug|Win32
		{7FB979D8-7E40-44AA-BEED-23C1D347B045}.Release|x64.ActiveCfg = Release|x64
		{7FB979D8-7E40-44AA-BEED-23C1D347B045}.Release|x64.Build.0 = Release|x64
		{7FB979D8-7E40-44AA-BEED-23C1D347B045}.Release|x86.ActiveCfg = Release|Win32
		{7FB979D8-7E40-44AA-BEED-23C1D347B045}.Release|x86.Build.0 = Release|Win32
		{F114B1FA-57D6-45B7-8306-F58C2AA4CD7E}.Debug|x64.ActiveCfg = Debug|x64
		{F114B1FA-57D6-45B7-8306-F58C2AA4CD7E}.Debug|x64.Build.0 = Debug|x64
		{F114B1FA-57D6-45B7-8306-F58C2AA4CD7E}.Debug|x86.ActiveCfg = Debug|Win32
		{F114B1FA-57D6-45B7-8306-F58C2AA4CD7E}.Debug|x86.Build.0 = Debug|Win32
		{F114B1FA-57D6-45B7-8306-F58C2AA4CD7E}.Release|x64.ActiveCfg = Release|x64
		{F114B1FA-57D6-45B7-8306-F58C2AA4CD7E}.Release|x64.Build.0 = Release|x64
		{F114B1FA-57D6-45B7-8306-F58C2AA4CD7E}.Release|x86.ActiveCfg = Release|Win32
		{F114B1FA-57D6-45B7-8306-F58C2AA4CD7E}.Release|x86.Build.0 = Release|Win32
		{247CBCAF-6713-43D6-9688-7D7715F70C0C}.Debug|x64.ActiveCfg = Debug|x64
		{247CBCAF-6713-43D6-9688-7D7715F70C0C}.Debug|x64.Build.0 = Debug|x64
		{247CBCAF-6713-43D6-9688-7D7715F70C0C}.Debug|x86.ActiveCfg = Debug|Win32
		{247CBCAF-6713-43D6-9688-7D7715F70C0C}.Debug|x86.Build.0 = Debug|Win32
		{247CBCAF-6713-43D6-9688-7D7715F70C0C}.Release|x64.ActiveCfg = Release|x64
		{247CBCAF-6713-43D6-9688-7D7715F70C0C}.Release|x64.Build.0 = Release|x64
		{247CBCAF-6713-43D6-9688-7D7715F70C0C}.Release|x86.ActiveCfg = Release|Win32
		{247CBCAF-6713-43D6-9688-7D7715F70C0C}.Release|x86.Build.0 = Release|Win32
		{DEF8DD73-1414-43A5-88C6-6159F407B994}.Debug|x64.ActiveCfg = Debug|x64
		{DEF8DD73-1414-43A5-88C6-6159F407B994}.Debug|x64.Build.0 = Debug|x64
		{DEF8DD73-1414-43A5-88C6-6159F407B994}.Debug|x86.ActiveCfg = Debug|Win32
		{DEF8DD73-1414-43A5-88C6-6159F407B994}.Debug|x86.Build.0 = Debug|Win32
		{DEF8DD73-1414-43A5-88C6-6159F407B994}.Release|x64.ActiveCfg = Release|x64
		{DEF8DD73-1414-43A5-88C6-6159F407B994}.Release|x64.Build.0 = Release|x64
		{DEF8DD73-1414-43A5-88C6-6159F407B994}.Release|x86.ActiveCfg = Release|Win32
		{DEF8DD73-1414-43A5-88C6-6159F407B994}.Release|x86.Build.0 = Release|Win32
		{6B51669E-9A83-456D-801F-DA49FF994F1A}.Debug|x64.ActiveCfg = Debug|x64
		{6B51669E-9A83-456D-801F-DA49FF994F1A}.Debug|x64.Build.0 = Debug|x64
		{6B51669E-9A83-456D-801F-DA49FF994F1A}.Debug|x86.ActiveCfg = Debug|Win32
		{6B51669E-9A83-456D-801F-DA49FF994F1A}.Debug|x86.Build.0 = Debug|Win32
		{6B51669E-9A83-456D-801F-DA49FF994F1A}.Release|x64.ActiveCfg = Release|x64
		{6B51669E-9A83-456D-801F-DA49FF994F1A}.Release|x64.Build.0 = Release|x64
		{6B51669E-9A83-456D-801F-DA49FF994F1A}.Release|x86.ActiveCfg = Release|Win32
		{6B51669E-9A83-456D-801F-DA49FF994F1A}.Release|x86.Build.0 = Release|Win32
		{EAD0D5FC-FB68-42F9-9B0E-082DD4EAD6A1}.Debug|x64.ActiveCfg = Debug|x64
		{EAD0D5FC-FB68-42F9-9B0E-082DD4EAD6A1}.Debug|x64.Build.0 = Debug|x64
		{EAD0D5FC-FB68-42F9-9B0E-082DD4EAD6A1}.Debug|x86.ActiveCfg = Debug|Win32
		{EAD0D5FC-FB68-42F9-9B0E-082DD4EAD6A1}.Debug|x86.Build.0 = Debug|Win32
		{EAD0D5FC-FB68-42F9-9B0E-082DD4EAD6A1}.Release|x64.ActiveCfg = Release|x64
		{EAD0D5FC-FB68-42F9-9B0E-082DD4EAD6A1}.Release|x64.Build.0 = Release|x64
		{EAD0D5FC-FB68-42F9-9B0E-082DD4EAD6A1}.Release|x86.ActiveCfg = Release|Win32
		{EAD0D5FC-FB68-42F9-9B0E-082DD4EAD6A1}.Release|x86.Build.0 = Release|Win32
		{01C342BD-D149-4784-BF37-42D32BD4B500}.Debug|x64.ActiveCfg = Debug|x64
		{01C342BD-D149-4784-BF37-42D32BD4B500}.Debug|x64.Build.0 = Debug|x64
		{01C342BD-D149-4784-BF37-42D32BD4B500}.Debug|x86.ActiveCfg = Debug|Win32
		{01C342BD-D149-4784-BF37-42D32BD4B500}.Debug|x86.Build.0 = Debug|Win32
		{01C342BD-D149-4784-BF37-42D32BD4B500}.Release|x64.ActiveCfg = Release|x64
		{01C342BD-D149-4784-BF37-42D32BD4B500}.Release|x64.Build.0 = Release|x64
		{01C342BD-D149-4784-BF37-42D32BD4B500}.Release|x86.ActiveCfg = Release|Win32
		{01C342BD-D149-4784-BF37-42D32BD4B500}.Release|x86.Build.0 = Release|Win32
		{5D8A4A9A-0E48-461A-AA40-415721AA6C3A}.Debug|x64.ActiveCfg = Debug|x64
		{5D8A4A9A-0E48-461A-AA40-415721AA6C3A}.Debug|x64.Build.0 = Debug|x64
		{5D8A4A9A-0E48-461A-AA40-415721AA6C3A}.Debug|x86.ActiveCfg = Debug|Win32
		{5D8A4A9A-0E48-461A-AA40-415721AA6C3A}.Debug|x86.Build.0 = Debug|Win32
		{5D8A4A9A-0E48-461A-AA40-415721AA6C3A}.Release|x64.ActiveCfg = Release|x64
		{5D8A4A9A-0E48-461A-AA40-415721AA6C3A}.Release|x64.Build.0 = Release|x64
		{5D8A4A9A-0E48-461A-AA40-415721AA6C3A}.Release|x86.ActiveCfg = Release|Win32
		{5D8A4A9A-0E48-461A-AA40-415721AA6C3A}.Release|x86.Build.0 = Release|Win32
		{B4D777E4-0985-4853-90B4-3C58221B66A1}.Debug|x64.ActiveCfg = Debug|x64
		{B4D777E4-0985-4853-90B4-3C58221B66A1}.Debug|x64.Build.0 = Debug|x64
		{B4D777E4-0985-4853-90B4-3C58221B66A1}.Debug|x86.ActiveCfg = Debug|Win32
		{B4D777E4-0985-4853-90B4-3C58221B66A1}.Debug|x86.Build.0 = Debug|Win32
		{B4D777E4-0985-4853-90B4-3C58221B66A1}.Release|x64.ActiveCfg = Release|x64
		{B4D777E4-0985-4853-90B4-3C58221B66A1}.Release|x64.Build.0 = Release|x64
		{B4D777E4-0985-4853-90B4-3C58221B66A1}.Release|x86.ActiveCfg = Release|Win32
		{B4D777E4-0985-4853-90B4-3C58221B66A1}.Release|x86.Build.0 = Release|Win32
		{83EE4A7C-14AA-46E4-B5FD-0CCC58CA92BF}.Debug|x64.ActiveCfg = Debug|x64
		{83EE4A7C-14AA-46E4-B5FD-0CCC58CA92BF}.Debug|x64.Build.0 = Debug|x64
		{83EE4A7C-14AA-46E4-B5FD-0CCC58CA92BF}.Debug|x86.ActiveCfg = Debug|Win32
		{83EE4A7C-14AA-46E4-B5FD-0CCC58CA92BF}.Debug|x86.Build.0 = Debug|Win32
		{83EE4A7C-14AA-46E4-B5FD-0CCC58CA92BF}.Release|x64.ActiveCfg = Release|x64
		{83EE4A7C-14AA-46E4-B5FD-0CCC58CA92BF}.Release|x64.Build.0 = Release|x64
		{83EE4A7C-14AA-46E4-B5FD-0CCC58CA92BF}.Release|x86.ActiveCfg = Release|Win32
		{83EE4A7C-14AA-46E4-B5FD-0CCC58CA92BF}.Release|x86.Build.0 = Release|Win32
		{A93815E5-B3D8-4473-B900-F9B68CF9350D}.Debug|x64.ActiveCfg = Debug|x64
		{A93815E5-B3D8-4473-B900-F9B68CF9350D}.Debug|x64.Build.0 = Debug|x64
		{A93815E5-B3D8-4473-B900-F9B68CF9350D}.Debug|x86.ActiveCfg = Debug|Win32
		{A93815E5-B3D8-4473-B900-F9B68CF9350D}.Debug|x86.Build.0 = Debug|Win32
		{A93815E5-B3D8-4473-B900-F9B68CF9350D}.Release|x64.ActiveCfg = Release|x64
		{A93815E5-B3D8-4473-B900-F9B68CF9350D}.Release|x64.Build.0 = Release|x64
		{A93815E5-B3D8-4473-B900-F9B68CF9350D}.Release|x86.ActiveCfg = Release|Win32
		{A93815E5-B3D8-4473-B900-F9B68CF9350D}.Release|x86.Build.0 = Release|Win32
		{0344F535-C467-4C93-9FE2-90B3E1F1842F}.Debug|x64.ActiveCfg = Debug|x64
		{0344F535-C467-4C93-9FE2-90B3E1F1842F}.Debug|x64.Build.0 = Debug|x64
		{0344F535-C467-4C93-9FE2-90B3E1F1842F}.Debug|x86.ActiveCfg = Debug|Win32
		{0344F535-C467-4C93-9FE2-90B3E1F1842F}.Debug|x86.Build.0 = Debug|Win32
		{0344F535-C467-4C93-9FE2-90B3E1F1842F}.Release|x64.ActiveCfg = Release|x64
		{0344F535-C467-4C93-9FE2-90B3E1F1842F}.Release|x64.Build.0 = Release|x64
		{0344F535-C467-4C93-9FE2-90B3E1F1842F}.Release|x86.ActiveCfg = Release|Win32
		{0344F535-C467-4C93-9FE2-90B3E1F1842F}.Release|x86.Build.0 = Release|Win32
		{258DA97B-21BD-473A-A9AA-8CE3FB6980BA}.Debug|x64.ActiveCfg = Debug|x64
		{258DA97B-21BD-473A-A9AA-8CE3FB6980BA}.Debug|x64.Build.0 = Debug|x64
		{258DA97B-21BD-473A-A9AA-8CE3FB6980BA}.Debug|x86.ActiveCfg = Debug|Win32
		{258DA97B-21BD-473A-A9AA-8CE3FB6980BA}.Debug|x86.Build.0 = Debug|Win32
		{258DA97B-21BD-473A-A9AA-8CE3FB6980BA}.Release|x64.ActiveCfg = Release|x64
		{258DA97B-21BD-473A-A9AA-8CE3FB6980BA}.Release|x64.Build.0 = Release|x64
		{258DA97B-21BD-473A-A9AA-8CE3FB6980BA}.Release|x86.ActiveCfg = Release|Win32
		{258DA97B-21BD-473A-A9AA-8CE3FB6980BA}.Release|x86.Build.0 = Release|Win32
		{60DE149F-DA55-4397-9CCB-CC0FA6B78DB3}.Debug|x64.ActiveCfg = Debug|x64
		{60DE149F-DA55-4397-9CCB-CC0FA6B78DB3}.Debug|x64.Build.0 = Debug|x64
		{60DE149F-DA55-4397-9CCB-CC0FA6B78DB3}.Debug|x86.ActiveCfg = Debug|Win32
		{60DE149F-DA55-4397-9CCB-CC0FA6B78DB3}.Debug|x86.Build.0 = Debug|Win32
		{60DE149F-DA55-4397-9CCB-CC0FA6B78DB3}.Release|x64.ActiveCfg = Release|x64
		{60DE149F-DA55-4397-9CCB-CC0FA6B78DB3}.Release|x64.Build.0 = Release|x64
		{60DE149F-DA55-4397-9CCB-CC0FA6B78DB3}.Release|x86.ActiveCfg = Release|Win32
		{60DE149F-DA55-4397-9CCB-CC0FA6B78DB3}.Release|x86.Build.0 = Release|Win32
		{CD73B73B-1B0C-4F0E-81BC-CDDB23B26EC6}.Debug|x64.ActiveCfg = Debug|x64
		{CD73B73B-1B0C-4F0E-81BC-CDDB23B26EC6}.Debug|x64.Build.0 = Debug|x64
		{CD73B73B-1B0C-4F0E-81BC-CDDB23B26EC6}.Debug|x86.ActiveCfg = Debug|Win32
		{CD73B73B-1B0C-4F0E-81BC-CDDB23B26EC6}.Debug|x86.Build.0 = Debug|Win32
		{CD73B73B-1B0C-4F0E-81BC-CDDB23B26EC6}.Release|x64.ActiveCfg = Release|x64
		{CD73B73B-1B0C-4F0E-81BC-CDDB23B26EC6}.Release|x64.Build.0 = Release|x64
		{CD73B73B-1B0C-4F0E-81BC-CDDB23B26EC6}.Release|x86.ActiveCfg = Release|Win32
		{CD73B73B-1B0C-4F0E-81BC-CDDB23B26EC6}.Release|x86.Build.0 = Release|Win32
		{029F714C-29F0-402C-9276-6FD40E310B7E}.Debug|x64.ActiveCfg = Debug|x64
		{029F714C-29F0-402C-9276-6FD40E310B7E}.Debug|x64.Build.0 = Debug|x64
		{029F714C-29F0-402C-9276-6FD40E310B7E}.Debug|x86.ActiveCfg = Debug|Win32
		{029F714C-29F0-402C-9276-6FD40E310B7E}.Debug|x86.Build.0 = Debug|Win32
		{029F714C-29F0-402C-9276-6FD40E310B7E}.Release|x64.ActiveCfg = Release|x64
		{029F714C-29F0-402C-9276-6FD40E310B7E}.Release|x64.Build.0 = Release|x64
		{029F714C-29F0-402C-9276-6FD40E310B7E}.Release|x86.ActiveCfg = Release|Win32
		{029F714C-29F0-402C-9276-6FD40E310B7E}.Release|x86.Build.0 = Release|Win32
		{920FF49D-DC9A-4EB7-9324-1B50C54356A5}.Debug|x64.ActiveCfg = Debug|x64
		{920FF49D-DC9A-4EB7-9324-1B50C54356A5}.Debug|x64.Build.0 = Debug|x64
		{920FF49D-DC9A-4EB7-9324-1B50C54356A5}.Debug|x86.ActiveCfg = Debug|Win32
		{920FF49D-DC9A-4EB7-9324-1B50C54356A5}.Debug|x86.Build.0 = Debug|Win32
		{920FF49D-DC9A-4EB7-9324-1B50C54356A5}.Release|x64.ActiveCfg = Release|x64
		{920FF49D-DC9A-4EB7-9324-1B50C54356A5}.Release|x64.Build.0 = Release|x64
		{920FF49D-DC9A-4EB7-9324-1B50C54356A5}.Release|x86.ActiveCfg = Release|Win32
		{920FF49D-DC9A-4EB7-9324-1B50C54356A5}.Release|x86.Build.0 = Release|Win32
		{6830D6F4-3B5D-4D19-BE1C-9FFB67BB3E8F}.Debug|x64.ActiveCfg = Debug|x64
		{6830D6F4-3B5D-4D19-BE1C-9FFB67BB3E8F}.Debug|x64.Build.0 = Debug|x64
		{6830D6F4-3B5D-4D19-BE1C-9FFB67BB3E8F}.Debug|x86.ActiveCfg = Debug|Win32
		{6830D6F4-3B5D-4D19-BE1C-9FFB67BB3E8F}.Debug|x86.Build.0 = Debug|Win32
		{6830D6F4-3B5D-4D19-BE1C-9FFB67BB3E8F}.Release|x64.ActiveCfg = Release|x64
		{6830D6F4-3B5D-4D19-BE1C-9FFB67BB3E8F}.Release|x64.Build.0 = Release|x64
		{6830D6F4-3B5D-4D19-BE1C-9FFB67BB3E8F}.Release|x86.ActiveCfg = Release|Win32
		{6830D6F4-3B5D-4D19-BE1C-9FFB67BB3E8F}.Release|x86.Build.0 = Release|Win32
		{EE575A6C-CA51-48F9-9425-96FB22083AA5}.Debug|x64.ActiveCfg = Debug|x64
		{EE575A6C-CA51-48F9-9425-96FB22083AA5}.Debug|x64.Build.0 = Debug|x64
		{EE575A6C-CA51-48F9-9425-96FB22083AA5}.Debug|x86.ActiveCfg = Debug|Win32
		{EE575A6C-CA51-48F9-9425-96FB22083AA5}.Debug|x86.Build.0 = Debug|Win32
		{EE575A6C-CA51-48F9-9425-96FB22083AA5}.Release|x64.ActiveCfg = Release|x64
		{EE575A6C-CA51-48F9-9425-96FB22083AA5}.Release|x64.Build.0 = Release|x64
		{EE575A6C-CA51-48F9-9425-96FB22083AA5}.Release|x86.ActiveCfg = Release|Win32
		{EE575A6C-CA51-48F9-9425-96FB22083AA5}.Release|x86.Build.0 = Release|Win32
		{C1F1C067-BC2A-473A-87C2-940EFE252EB5}.Debug|x64.ActiveCfg = Debug|x64
		{C1F1C067-BC2A-473A-87C2-940EFE252EB5}.Debug|x64.Build.0 = Debug|x64
		{C1F1C067-BC2A-473A-87C2-940EFE252EB5}.Debug|x86.ActiveCfg = Debug|Win32
		{C1F1C067-BC2A-473A-87C2-940EFE252EB5}.Debug|x86.Build.0 = Debug|Win32
		{C1F1C067-BC2A-473A-87C2-940EFE252EB5}.Release|x64.ActiveCfg = Release|x64
		{C1F1C067-BC2A-473A-87C2-940EFE252EB5}.Release|x64.Build.0 = Release|x64
		{C1F1C067-BC2A-473A-87C2-940EFE252EB5}.Release|x86.ActiveCfg = Release|Win32
		{C1F1C067-BC2A-473A-87C2-940EFE252EB5}.Release|x86.Build.0 = Release|Win32
		{A644449E-A67B-4BFC-81FD-CA0FA81FF740}.Debug|x64.ActiveCfg = Debug|x64
		{A644449E-A67B-4BFC-81FD-CA0FA81FF740}.Debug|x64.Build.0 = Debug|x64
		{A644449E-A67B-4BFC-81FD-CA0FA81FF740}.Debug|x86.ActiveCfg = Debug|Win32
		{A644449E-A67B-4BFC-81FD-CA0FA81FF740}.Debug|x86.Build.0 = Debug|Win32
		{A644449E-A67B-4BFC-81FD-CA0FA81FF740}.Release|x64.ActiveCfg = Release|x64
		{A644449E-A67B-4BFC-81FD-CA0FA81FF740}.Release|x64.Build.0 = Release|x64
		{A644449E-A67B-4BFC-81FD-CA0FA81FF740}.Release|x86.ActiveCfg = Release|Win32
		{A644449E-A67B-4BFC-81FD-CA0FA81FF740}.Release|x86.Build.0 = Release|Win32
		{C3F3AF2E-952D-4A56-BA0B-4C70F8EC6D4F}.Debug|x64.ActiveCfg = Debug|x64
		{C3F3AF2E-952D-4A56-BA0B-4C70F8EC6D4F}.Debug|x64.Build.0 = Debug|x64
		{C3F3AF2E-952D-4A56-BA0B-4C70F8EC6D4F}.Debug|x86.ActiveCfg = Debug|Win32
		{C3F3AF2E-952D-4A56-BA0B-4C70F8EC6D4F}.Debug|x86.Build.0 = Debug|Win32
		{C3F3AF2E-952D-4A56-BA0B-4C70F8EC6D4F}.Release|x64.ActiveCfg = Release|x64
		{C3F3AF2E-952D-4A56-BA0B-4C70F8EC6D4F}.Release|x64.Build.0 = Release|x64
		{C3F3AF2E-952D-4A56-BA0B-4C70F8EC6D4F}.Release|x86.ActiveCfg = Release|Win32
		{C3F3AF2E-952D-4A56-BA0B-4C70F8EC6D4F}.Release|x86.Build.0 = Release|Win32
		{765D6405-E65A-4E4A-BE79-466E70BAE3D6}.Debug|x64.ActiveCfg = Debug|x64
		{765D6405-E65A-4E4A-BE79-466E70BAE3D6}.Debug|x64.Build.0 = Debug|x64
		{765D6405-E65A-4E4A-BE79-466E70BAE3D6}.Debug|x86.ActiveCfg = Debug|Win32
		{765D6405-E65A-4E4A-BE79-466E70BAE3D6}.Debug|x86.Build.0 = Debug|Win32
		{765D6405-E65A-4E4A-BE79-466E70BAE3D6}.Release|x64.ActiveCfg = Release|x64
		{765D6405-E65A-4E4A-BE79-466E70BAE3D6}.Release|x64.Build.0 = Release|x64
		{765D6405-E65A-4E4A-BE79-466E70BAE3D6}.Release|x86.ActiveCfg = Release|Win32
		{765D6405-E65A-4E4A-BE79-466E70BAE3D6}.Release|x86.Build.0 = Release|Win32
		{ECBFA16B-4267-4D54-A361-3D1B7921938A}.Debug|x64.ActiveCfg = Debug|x64
		{ECBFA16B-4267-4D54-A361-3D1B7921938A}.Debug|x64.Build.0 = Debug|x64
		{ECBFA16B-4267-4D54-A361-3D1B7921938A}.Debug|x86.ActiveCfg = Debug|Win32
		{ECBFA16B-4267-4D54-A361-3D1B7921938A}.Debug|x86.Build.0 = Debug|Win32
		{ECBFA16B-4267-4D54-A361-3D1B7921938A}.Release|x64.ActiveCfg = Release|x64
		{ECBFA16B-4267-4D54-A361-3D1B7921938A}.Release|x64.Build.0 = Release|x64
		{ECBFA16B-4267-4D54-A361-3D1B7921938A}.Release|x86.ActiveCfg = Release|Win32
		{ECBFA16B-4267-4D54-A361-3D1B7921938A}.Release|x86.Build.0 = Release|Win32
		{CBBD56E7-A54E-4065-9009-A091CEB67893}.Debug|x64.ActiveCfg = Debug|x64
		{CBBD56E7-A54E-4065-9009-A091CEB67893}.Debug|x64.Build.0 = Debug|x64
		{CBBD56E7-A54E-4065-9009-A091CEB67893}.Debug|x86.ActiveCfg = Debug|Win32
		{CBBD56E7-A54E-4065-9009-A091CEB67893}.Debug|x86.Build.0 = Debug|Win32
		{CBBD56E7-A54E-4065-9009-A091CEB67893}.Release|x64.ActiveCfg = Release|x64
		{CBBD56E7-A54E-4065-9009-A091CEB67893}.Release|x64.Build.0 = Release|x64
		{CBBD56E7-A54E-4065-9009-A091CEB67893}.Release|x86.ActiveCfg = Release|Win32
		{CBBD56E7-A54E-4065-9009-A091CEB67893}.Release|x86.Build.0 = Release|Win32
		{4AA477C6-A1AC-43D9-8C2E-C67F9F1AE09A}.Debug|x64.ActiveCfg = Debug|x64
		{4AA477C6-A1AC-43D9-8C2E-C67F9F1AE09A}.Debug|x64.Build.0 = Debug|x64
		{4AA477C6-A1AC-43D9-8C2E-C67F9F1AE09A}.Debug|x86.ActiveCfg = Debug|Win32
		{4AA477C6-A1AC-43D9-8C2E-C67F9F1AE09A}.Debug|x86.Build.0 = Debug|Win32
		{4AA477C6-A1AC-43D9-8C2E-C67F9F1AE09A}.Release|x64.ActiveCfg = Release|x64
		{4AA477C6-A1AC-43D9-8C2E-C67F9F1AE09A}.Release|x64.Build.0 = Release|x64
		{4AA477C6-A1AC-43D9-8C2E-C67F9F1AE09A}.Release|x86.ActiveCfg = Release|Win32
		{4AA477C6-A1AC-43D9-8C2E-C67F9F1AE09A}.Release|x86.Build.0 = Release|Win32
		{51C547B9-600E-4435-B51A-B212BD7CEEB0}.Debug|x64.ActiveCfg = Debug|x64
		{51C547B9-600E-4435-B51A-B212BD7CEEB0}.Debug|x64.Build.0 = Debug|x64
		{51C547B9-600E-4435-B51A-B212BD7CEEB0}.Debug|x86.ActiveCfg = Debug|Win32
		{51C547B9-600E-4435-B51A-B212BD7CEEB0}.Debug|x86.Build.0 = Debug|Win32
		{51C547B9-600E-4435-B51A-B212BD7CEEB0}.Release|x64.ActiveCfg = Release|x64
		{51C547B9-600E-4435-B51A-B212BD7CEEB0}.Release|x64.Build.0 = Release|x64
		{51C547B9-600E-4435-B51A-B212BD7CEEB0}.Release|x86.ActiveCfg = Release|Win32
		{51C547B9-600E-4435-B51A-B212BD7CEEB0}.Release|x86.Build.0 = Release|Win32
		{E98F0A57-D339-4D9C-A6A7-F4615492207A}.Debug|x64.ActiveCfg = Debug|x64
		{E98F0A57-D339-4D9C-A6A7-F4615492207A}.Debug|x64.Build.0 = Debug|x64
		{E98F0A57-D339-4D9C-A6A7-F4615492207A}.Debug|x86.ActiveCfg = Debug|Win32
		{E98F0A57-D339-4D9C-A6A7-F4615492207A}.Debug|x86.Build.0 = Debug|Win32
		{E98F0A57-D339-4D9C-A6A7-F4615492207A}.Release|x64.ActiveCfg = Release|x64
		{E98F0A57-D339-4D9C-A6A7-F4615492207A}.Release|x64.Build.0 = Release|x64
		{E98F0A57-D339-4D9C-A6A7-F4615492207A}.Release|x86.ActiveCfg = Release|Win32
		{E98F0A57-D339-4D9C-A6A7-F4615492207A}.Release|x86.Build.0 = Release|Win32
		{83E3FFA1-9F78-4FDF-BFC3-286D7914F5D1}.Debug|x64.ActiveCfg = Debug|x64
		{83E3FFA1-9F78-4FDF-BFC3-286D7914F5D1}.Debug|x64.Build.0 = Debug|x64
		{83E3FFA1-9F78-4FDF-BFC3-286D7914F5D1}.Debug|x86.ActiveCfg = Debug|Win32
		{83E3FFA1-9F78-4FDF-BFC3-286D7914F5D1}.Debug|x86.Build.0 = Debug|Win32
		{83E3FFA1-9F78-4FDF-BFC3-286D7914F5D1}.Release|x64.ActiveCfg = Release|x64
		{83E3FFA1-9F78-4FDF-BFC3-286D7914F5D1}.Release|x64.Build.0 = Release|x64
		{83E3FFA1-9F78-4FDF-BFC3-286D7914F5D1}.Release|x86.ActiveCfg = Release|Win32
		{83E3FFA1-9F78-4FDF-BFC3-286D7914F5D1}.Release|x86.Build.0 = Release|Win32
		{BFBB85E4-0830-429D-8C7B-B3227117C73C}.Debug|x64.ActiveCfg = Debug|x64
		{BFBB85E4-0830-429D-8C7B-B3227117C73C}.Debug|x64.Build.0 = Debug|x64
		{BFBB85E4-0830-429D-8C7B-B3227117C73C}.Debug|x86.ActiveCfg = Debug|Win32
		{BFBB85E4-0830-429D-8C7B-B3227117C73C}.Debug|x86.Build.0 = Debug|Win32
		{BFBB85E4-0830-429D-8C7B-B3227117C73C}.Release|x64.ActiveCfg = Release|x64
		{BFBB85E4-0830-429D-8C7B-B3227117C73C}.Release|x64.Build.0 = Release|x64
		{BFBB85E4-0830-429D-8C7B-B3227117C73C}.Release|x86.ActiveCfg = Release|Win32
		{BFBB85E4-0830-429D-8C7B-B3227117C73C}.Release|x86.Build.0 = Release|Win32
		{4D09B0BE-150D-4E63-B516-ED72FA25E108}.Debug|x64.ActiveCfg = Debug|x64
		{4D09B0BE-150D-4E63-B516-ED72FA25E108}.Debug|x64.Build.0 = Debug|x64
		{4D09B0BE-150D-4E63-B516-ED72FA25E108}.Debug|x86.ActiveCfg = Debug|Win32
		{4D09B0BE-150D-4E63-B516-ED72FA25E108}.Debug|x86.Build.0 = Debug|Win32
		{4D09B0BE-150D-4E63-B516-ED72FA25E108}.Release|x64.ActiveCfg = Release|x64
		{4D09B0BE-150D-4E63-B516-ED72FA25E108}.Release|x64.Build.0 = Release|x64
		{4D09B0BE-150D-4E63-B516-ED72FA25E108}.Release|x86.ActiveCfg = Release|Win32
		{4D09B0BE-150D-4E63-B516-ED72FA25E108}.Release|x86.Build.0 = Release|Win32
		{C090EB58-BBDD-4BB3-B34A-F62632CCFD5C}.Debug|x64.ActiveCfg = Debug|x64
		{C090EB58-BBDD-4BB3-B34A-F62632CCFD5C}.Debug|x64.Build.0 = Debug|x64
		{C090EB58-BBDD-4BB3-B34A-F62632CCFD5C}.Debug|x86.ActiveCfg = Debug|Win32
		{C090EB58-BBDD-4BB3-B34A-F62632CCFD5C}.Debug|x86.Build.0 = Debug|Win32
		{C090EB58-BBDD-4BB3-B34A-F62632CCFD5C}.Release|x64.ActiveCfg = Release|x64
		{C090EB58-BBDD-4BB3-B34A-F62632CCFD5C}.Release|x64.Build.0 = Release|x64
		{C090EB58-BBDD-4BB3-B34A-F62632CCFD5C}.Release|x86.ActiveCfg = Release|Win32
		{C090EB58-BBDD-4BB3-B34A-F62632CCFD5C}.Release|x86.Build.0 = Release|Win32
		{FD9A05DD-29F4-4087-92FA-B3CA00FDAC6B}.Debug|x64.ActiveCfg = Debug|x64
		{FD9A05DD-29F4-4087-92FA-B3CA00FDAC6B}.Debug|x64.Build.0 = Debug|x64
		{FD9A05DD-29F4-4087-92FA-B3CA00FDAC6B}.Debug|x86.ActiveCfg = Debug|Win32
		{FD9A05DD-29F4-4087-92FA-B3CA00FDAC6B}.Debug|x86.Build.0 = Debug|Win32
		{FD9A05DD-29F4-4087-92FA-B3CA00FDAC6B}.Release|x64.ActiveCfg = Release|x64
		{FD9A05DD-29F4-4087-92FA-B3CA00FDAC6B}.Release|x64.Build.0 = Release|x64
		{FD9A05DD-29F4-4087-92FA-B3CA00FDAC6B}.Release|x86.ActiveCfg = Release|Win32
		{FD9A05DD-29F4-4087-92FA-B3CA00FDAC6B}.Release|x86.Build.0 = Release|Win32
		{BEEEC36C-EFA1-4A73-B69D-FA3AC40C53E0}.Debug|x64.ActiveCfg = Debug|x64
		{BEEEC36C-EFA1-4A73-B69D-FA3AC40C53E0}.Debug|x64.Build.0 = Debug|x64
		{BEEEC36C-EFA1-4A73-B69D-FA3AC40C53E0}.Debug|x86.ActiveCfg = Debug|Win32
		{BEEEC36C-EFA1-4A73-B69D-FA3AC40C53E0}.Debug|x86.Build.0 = Debug|Win32
		{BEEEC36C-EFA1-4A73-B69D-FA3AC40C53E0}.Release|x64.ActiveCfg = Release|x64
		{BEEEC36C-EFA1-4A73-B69D-FA3AC40C53E0}.Release|x64.Build.0 = Release|x64
		{BEEEC36C-EFA1-4A73-B69D-FA3AC40C53E0}.Release|x86.ActiveCfg = Release|Win32
		{BEEEC36C-EFA1-4A73-B69D-FA3AC40C53E0}.Release|x86.Build.0 = Release|Win32
		{78E74D8B-C767-409F-96C4-0B85A587FF81}.Debug|x64.ActiveCfg = Debug|x64
		{78E74D8B-C767-409F-96C4-0B85A587FF81}.Debug|x64.Build.0 = Debug|x64
		{78E74D8B-C767-409F-96C4-0B85A587FF81}.Debug|x86.ActiveCfg = Debug|Win32
		{78E74D8B-C767-409F-96C4-0B85A587FF81}.Debug|x86.Build.0 = Debug|Win32
		{78E74D8B-C767-409F-96C4-0B85A587FF81}.Release|x64.ActiveCfg = Release|x64
		{78E74D8B-C767-409F-96C4-0B85A587FF81}.Release|x64.Build.0 = Release|x64
		{78E74D8B-C767-409F-96C4-0B85A587FF81}.Release|x86.ActiveCfg = Release|Win32
		{78E74D8B-C767-409F-96C4-0B85A587FF81}.Release|x86.Build.0 = Release|Win32
		{24A02479-0BCD-4C28-8020-8BA88092D4A5}.Debug|x64.ActiveCfg = Debug|x64
		{24A02479-0BCD-4C28-8020-8BA88092D4A5}.Debug|x64.Build.0 = Debug|x64
		{24A02479-0BCD-4C28-8020-8BA88092D4A5}.Debug|x86.ActiveCfg = Debug|Win32
		{24A02479-0BCD-4C28-8020-8BA88092D4A5}.Debug|x86.Build.0 = Debug|Win32
		{24A02479-0BCD-4C28-8020-8BA88092D4A5}.Release|x64.ActiveCfg = Release|x64
		{24A02479-0BCD-4C28-8020-8BA88092D4A5}.Release|x64.Build.0 = Release|x64
		{24A02479-0BCD-4C28-8020-8BA88092D4A5}.Release|x86.ActiveCfg = Release|Win32
		{24A02479-0BCD-4C28-8020-8BA88092D4A5}.Release|x86.Build.0 = Release|Win32
		{CD7AF0AF-B35F-4F61-87F3-B5B50D4D0279}.Debug|x64.ActiveCfg = Debug|x64
		{CD7AF0AF-B35F-4F61-87F3-B5B50D4D0279}.Debug|x64.Build.0 = Debug|x64
		{CD7AF0AF-B35F-4F61-87F3-B5B50D4D0279}.Debug|x86.ActiveCfg = Debug|Win32
		{CD7AF0AF-B35F-4F61-87F3-B5B50D4D0279}.Debug|x86.Build.0 = Debug|Win32
		{CD7AF0AF-B35F-4F61-87F3-B5B50D4D0279}.Release|x64.ActiveCfg = Release|x64
		{CD7AF0AF-B35F-4F61-87F3-B5B50D4D0279}.Release|x64.Build.0 = Release|x64
		{CD7AF0AF-B35F-4F61-87F3-B5B50D4D0279}.Release|x86.ActiveCfg = Release|Win32
		{CD7AF0AF-B35F-4F61-87F3-B5B50D4D0279}.Release|x86.Build.0 = Release|Win32
		{2ADFD6A3-2E56-43A0-86C7-035665C0BD62}.Debug|x64.ActiveCfg = Debug|x64
		{2ADFD6A3-2E56-43A0-86C7-035665C0BD62}.Debug|x64.Build.0 = Debug|x64
		{2ADFD6A3-2E56-43A0-86C7-035665C0BD62}.Debug|x86.ActiveCfg = Debug|Win32
		{2ADFD6A3-2E56-43A0-86C7-035665C0BD62}.Debug|x86.Build.0 = Debug|Win32
		{2ADFD6A3-2E56-43A0-86C7-035665C0BD62}.Release|x64.ActiveCfg = Release|x64
		{2ADFD6A3-2E56-43A0-86C7-035665C0BD62}.Release|x64.Build.0 = Release|x64
		{2ADFD6A3-2E56-43A0-86C7-035665C0BD62}.Release|x86.ActiveCfg = Release|Win32
		{2ADFD6A3-2E56-43A0-86C7-035665C0BD62}.Release|x86.Build.0 = Release|Win32
		{F46C542C-4547-4E22-8165-B7D9E695BA53}.Debug|x64.ActiveCfg = Debug|x64
		{F46C542C-4547-4E22-8165-B7D9E695BA53}.Debug|x64.Build.0 = Debug|x64
		{F46C542C-4547-4E22-8165-B7D9E695BA53}.Debug|x86.ActiveCfg = Debug|Win32
		{F46C542C-4547-4E22-8165-B7D9E695BA53}.Debug|x86.Build.0 = Debug|Win32
		{F46C542C-4547-4E22-8165-B7D9E695BA53}.Release|x64.ActiveCfg = Release|x64
		{F46C542C-4547-4E22-8165-B7D9E695BA53}.Release|x64.Build.0 = Release|x64
		{F46C542C-4547-4E22-8165-B7D9E695BA53}.Release|x86.ActiveCfg = Release|Win32
		{F46C542C-4547-4E22-8165-B7D9E695BA53}.Release|x86.Build.0 = Release|Win32
		{B080B44F-B6E0-474B-9206-796D68EC7EA5}.Debug|x64.ActiveCfg = Debug|x64
		{B080B44F-B6E0-474B-9206-796D68EC7EA5}.Debug|x64.Build.0 = Debug|x64
		{B080B44F-B6E0-474B-9206-796D68EC7EA5}.Debug|x86.ActiveCfg = Debug|Win32
		{B080B44F-B6E0-474B-9206-796D68EC7EA5}.Debug|x86.Build.0 = Debug|Win32
		{B080B44F-B6E0-474B-9206-796D68EC7EA5}.Release|x64.ActiveCfg = Release|x64
		{B080B44F-B6E0-474B-9206-796D68EC7EA5}.Release|x64.Build.0 = Release|x64
		{B080B44F-B6E0-474B-9206-796D68EC7EA5}.Release|x86.ActiveCfg = Release|Win32
		{B080B44F-B6E0-474B-9206-796D68EC7EA5}.Release|x86.Build.0 = Release|Win32
		{A31BA47B-82DE-424F-A973-6D6E04C399DE}.Debug|x64.ActiveCfg = Debug|x64
		{A31BA47B-82DE-424F-A973-6D6E04C399DE}.Debug|x64.Build.0 = Debug|x64
		{A31BA47B-82DE-424F-A973-6D6E04C399DE}.Debug|x86.ActiveCfg = Debug|Win32
		{A31BA47B-82DE-424F-A973-6D6E04C399DE}.Debug|x86.Build.0 = Debug|Win32
		{A31BA47B-82DE-424F-A973-6D6E04C399DE}.Release|x64.ActiveCfg = Release|x64
		{A31BA47B-82DE-424F-A973-6D6E04C399DE}.Release|x64.Build.0 = Release|x64
		{A31BA47B-82DE-424F-A973-6D6E04C399DE}.Release|x86.ActiveCfg = Release|Win32
		{A31BA47B-82DE-424F-A973-6D6E04C399DE}.Release|x86.Build.0 = Release|Win32
		{4FD76269-ACA8-4276-9C58-976B225E8402}.Debug|x64.ActiveCfg = Debug|x64
		{4FD76269-ACA8-4276-9C58-976B225E8402}.Debug|x64.Build.0 = Debug|x64
		{4FD76269-ACA8-4276-9C58-976B225E8402}.Debug|x86.ActiveCfg = Debug|Win32
		{4FD76269-ACA8-4276-9C58-976B225E8402}.Debug|x86.Build.0 = Debug|Win32
		{4FD76269-ACA8-4276-9C58-976B225E8402}.Release|x64.ActiveCfg = Release|x64
		{4FD76269-ACA8-4276-9C58-976B225E8402}.Release|x64.Build.0 = Release|x64
		{4FD76269-ACA8-4276-9C58-976B225E8402}.Release|x86.ActiveCfg = Release|Win32
		{4FD76269-ACA8-4276-9C58-976B225E8402}.Release|x86.Build.0 = Release|Win32
		{28263542-412B-471B-8C28-25E3202235AC}.Debug|x64.ActiveCfg = Debug|x64
		{28263542-412B-471B-8C28-25E3202235AC}.Debug|x64.Build.0 = Debug|x64
		{28263542-412B-471B-8C28-25E3202235AC}.Debug|x86.ActiveCfg = Debug|Win32
		{28263542-412B-471B-8C28-25E3202235AC}.Debug|x86.Build.0 = Debug|Win32
		{28263542-412B-471B-8C28-25E3202235AC}.Release|x64.ActiveCfg = Release|x64
		{28263542-412B-471B-8C28-25E3202235AC}.Release|x64.Build.0 = Release|x64
		{28263542-412B-471B-8C28-25E3202235AC}.Release|x86.ActiveCfg = Release|Win32
		{28263542-412B-471B-8C28-25E3202235AC}.Release|x86.Build.0 = Release|Win32
		{DF94B264-AF00-4841-834A-0319A8D4E730}.Debug|x64.ActiveCfg = Debug|x64
		{DF94B264-AF00-4841-834A-0319A8D4E730}.Debug|x64.Build.0 = Debug|x64
		{DF94B264-AF00-4841-834A-0319A8D4E730}.Debug|x86.ActiveCfg = Debug|Win32
		{DF94B264-AF00-4841-834A-0319A8D4E730}.Debug|x86.Build.0 = Debug|Win32
		{DF94B264-AF00-4841-834A-0319A8D4E730}.Release|x64.ActiveCfg = Release|x64
		{DF94B264-AF00-4841-834A-0319A8D4E730}.Release|x64.Build.0 = Release|x64
		{DF94B264-AF00-4841-834A-0319A8D4E730}.Release|x86.ActiveCfg = Release|Win32
		{DF94B264-AF00-4841-834A-0319A8D4E730}.Release|x86.Build.0 = Release|Win32
		{4961DFAB-317D-4845-A997-A4E0029F7B44}.Debug|x64.ActiveCfg = Debug|x64
		{4961DFAB-317D-4845-A997-A4E0029F7B44}.Debug|x64.Build.0 = Debug|x64
		{4961DFAB-317D-4845-A997-A4E0029F7B44}.Debug|x86.ActiveCfg = Debug|Win32
		{4961DFAB-317D-4845-A997-A4E0029F7B44}.Debug|x86.Build.0 = Debug|Win32
		{4961DFAB-317D-4845-A997-A4E0029F7B44}.Release|x64.ActiveCfg = Release|x64
		{4961DFAB-317D-4845-A997-A4E0029F7B44}.Release|x64.Build.0 = Release|x64
		{4961DFAB-317D-4845-A997-A4E0029F7B44}.Release|x86.ActiveCfg = Release|Win32
		{4961DFAB-317D-4845-A997-A4E0029F7B44}.Release|x86.Build.0 = Release|Win32
		{C3E11AA9-B6CA-4E62-B8BB-9210ED7B1795}.Debug|x64.ActiveCfg = Debug|x64
		{C3E11AA9-B6CA-4E62-B8BB-9210ED7B1795}.Debug|x64.Build.0 = Debug|x64
		{C3E11AA9-B6CA-4E62-B8BB-9210ED7B1795}.Debug|x86.ActiveCfg = Debug|Win32
		{C3E11AA9-B6CA-4E62-B8BB-9210ED7B1795}.Debug|x86.Build.0 = Debug|Win32
		{C3E11AA9-B6CA-4E62-B8BB-9210ED7B1795}.Release|x64.ActiveCfg = Release|x64
		{C3E11AA9-B6CA-4E62-B8BB-9210ED7B1795}.Release|x64.Build.0 = Release|x64
		{C3E11AA9-B6CA-4E62-B8BB-9210ED7B1795}.Release|x86.ActiveCfg = Release|Win32
		{C3E11AA9-B6CA-4E62-B8BB-9210ED7B1795}.Release|x86.Build.0 = Release|Win32
		{CCDC6A4B-3902-456A-81AA-0EC4F2E7D93A}.Debug|x64.ActiveCfg = Debug|x64
		{CCDC6A4B-3902-456A-81AA-0EC4F2E7D93A}.Debug|x64.Build.0 = Debug|x64
		{CCDC6A4B-3902-456A-81AA-0EC4F2E7D93A}.Debug|x86.ActiveCfg = Debug|Win32
		{CCDC6A4B-3902-456A-81AA-0EC4F2E7D93A}.Debug|x86.Build.0 = Debug|Win32
		{CCDC6A4B-3902-456A-81AA-0EC4F2E7D93A}.Release|x64.ActiveCfg = Release|x64
		{CCDC6A4B-3902-456A-81AA-0EC4F2E7D93A}.Release|x64.Build.0 = Release|x64
		{CCDC6A4B-3902-456A-81AA-0EC4F2E7D93A}.Release|x86.ActiveCfg = Release|Win32
		{CCDC6A4B-3902-456A-81AA-0EC4F2E7D93A}.Release|x86.Build.0 = Release|Win32
		{800ACA33-3079-4731-B5A9-79F9887698C0}.Debug|x64.ActiveCfg = Debug|x64
		{800ACA33-3079-4731-B5A9-79F9887698C0}.Debug|x64.Build.0 = Debug|x64
		{800ACA33-3079-4731-B5A9-79F9887698C0}.Debug|x86.ActiveCfg = Debug|Win32
		{800ACA33-3079-4731-B5A9-79F9887698C0}.Debug|x86.Build.0 = Debug|Win32
		{800ACA33-3079-4731-B5A9-79F9887698C0}.Release|x64.ActiveCfg = Release|x64
		{800ACA33-3079-4731-B5A9-79F9887698C0}.Release|x64.Build.0 = Release|x64
		{800ACA33-3079-4731-B5A9-79F9887698C0}.Release|x86.ActiveCfg = Release|Win32
		{800ACA33-3079-4731-B5A9-79F9887698C0}.Release|x86.Build.0 = Release|Win32
		{234633D4-F720-45E3-8A78-15667C4AD634}.Debug|x64.ActiveCfg = Debug|x64
		{234633D4-F720-45E3-8A78-15667C4AD634}.Debug|x64.Build.0 = Debug|x64
		{234633D4-F720-45E3-8A78-15667C4AD634}.Debug|x86.ActiveCfg = Debug|Win32
		{234633D4-F720-45E3-8A78-15667C4AD634}.Debug|x86.Build.0 = Debug|Win32
		{234633D4-F720-45E3-8A78-15667C4AD634}.Release|x64.ActiveCfg = Release|x64
		{234633D4-F720-45E3-8A78-15667C4AD634}.Release|x64.Build.0 = Release|x64
		{234633D4-F720-45E3-8A78-15667C4AD634}.Release|x86.ActiveCfg = Release|Win32
		{234633D4-F720-45E3-8A78-15667C4AD634}.Release|x86.Build.0 = Release|Win32
		{7ED134A3-B397-4076-971D-6178510A89DF}.Debug|x64.ActiveCfg = Debug|x64
		{7ED134A3-B397-4076-971D-6178510A89DF}.Debug|x64.Build.0 = Debug|x64
		{7ED134A3-B397-4076-971D-6178510A89DF}.Debug|x86.ActiveCfg = Debug|Win32
		{7ED134A3-B397-4076-971D-6178510A89DF}.Debug|x86.Build.0 = Debug|Win32
		{7ED134A3-B397-4076-971D-6178510A89DF}.Release|x64.ActiveCfg = Release|x64
		{7ED134A3-B397-4076-971D-6178510A89DF}.Release|x64.Build.0 = Release|x64
		{7ED134A3-B397-4076-971D-6178510A89DF}.Release|x86.ActiveCfg = Release|Win32
		{7ED134A3-B397-4076-971D-6178510A89DF}.Release|x86.Build.0 = Release|Win32
		{BB79B7B6-810B-46ED-BCD8-3AE5839A242D}.Debug|x64.ActiveCfg = Debug|x64
		{BB79B7B6-810B-46ED-BCD8-3AE5839A242D}.Debug|x64.Build.0 = Debug|x64
		{BB79B7B6-810B-46ED-BCD8-3AE5839A242D}.Debug|x86.ActiveCfg = Debug|Win32
		{BB79B7B6-810B-46ED-BCD8-3AE5839A242D}.Debug|x86.Build.0 = Debug|Win32
		{BB79B7B6-810B-46ED-BCD8-3AE5839A242D}.Release|x64.ActiveCfg = Release|x64
		{BB79B7B6-810B-46ED-BCD8-3AE5839A242D}.Release|x64.Build.0 = Release|x64
		{BB79B7B6-810B-46ED-BCD8-3AE5839A242D}.Release|x86.ActiveCfg = Release|Win32
		{BB79B7B6-810B-46ED-BCD8-3AE5839A242D}.Release|x86.Build.0 = Release|Win32
		{F5F9DE23-573F-4DCC-A09E-4F0C0EECDA9C}.Debug|x64.ActiveCfg = Debug|x64
		{F5F9DE23-573F-4DCC-A09E-4F0C0EECDA9C}.Debug|x64.Build.0 = Debug|x64
		{F5F9DE23-573F-4DCC-A09E-4F0C0EECDA9C}.Debug|x86.ActiveCfg = Debug|Win32
		{F5F9DE23-573F-4DCC-A09E-4F0C0EECDA9C}.Debug|x86.Build.0 = Debug|Win32
		{F5F9DE23-573F-4DCC-A09E-4F0C0EECDA9C}.Release|x64.ActiveCfg = Release|x64
		{F5F9DE23-573F-4DCC-A09E-4F0C0EECDA9C}.Release|x64.Build.0 = Release|x64
		{F5F9DE23-573F-4DCC-A09E-4F0C0EECDA9C}.Release|x86.ActiveCfg = Release|Win32
		{F5F9DE23-573F-4DCC-A09E-4F0C0EECDA9C}.Release|x86.Build.0 = Release|Win32
		{36382BF2-F4B4-4470-A2FF-952E56DCE31F}.Debug|x64.ActiveCfg = Debug|x64
		{36382BF2-F4B4-4470-A2FF-952E56DCE31F}.Debug|x64.Build.0 = Debug|x64
		{36382BF2-F4B4-4470-A2FF-952E56DCE31F}.Debug|x86.ActiveCfg = Debug|Win32
		{36382BF2-F4B4-4470-A2FF-952E56DCE31F}.Debug|x86.Build.0 = Debug|Win32
		{36382BF2-F4B4-4470-A2FF-952E56DCE31F}.Release|x64.ActiveCfg = Release|x64
		{36382BF2-F4B4-4470-A2FF-952E56DCE31F}.Release|x64.Build.0 = Release|x64
		{36382BF2-F4B4-4470-A2FF-952E56DCE31F}.Release|x86.ActiveCfg = Release|Win32
		{36382BF2-F4B4-4470-A2FF-952E56DCE31F}.Release|x86.Build.0 = Release|Win32
		{AF671B8C-1022-406D-94BE-9409785C2396}.Debug|x64.ActiveCfg = Debug|x64
		{AF671B8C-1022-406D-94BE-9409785C2396}.Debug|x64.Build.0 = Debug|x64
		{AF671B8C-1022-406D-94BE-9409785C2396}.Debug|x86.ActiveCfg = Debug|Win32
		{AF671B8C-1022-406D-94BE-9409785C2396}.Debug|x86.Build.0 = Debug|Win32
		{AF671B8C-1022-406D-94BE-9409785C2396}.Release|x64.ActiveCfg = Release|x64
		{AF671B8C-1022-406D-94BE-9409785C2396}.Release|x64.Build.0 = Release|x64
		{AF671B8C-1022-406D-94BE-9409785C2396}.Release|x86.ActiveCfg = Release|Win32
		{AF671B8C-1022-406D-94BE-9409785C2396}.Release|x86.Build.0 = Release|Win32
		{F12A591B-B1B9-4407-8E91-5B723EF96010}.Debug|x64.ActiveCfg = Debug|x64
		{F12A591B-B1B9-4407-8E91-5B723EF96010}.Debug|x64.Build.0 = Debug|x64
		{F12A591B-B1B9-4407-8E91-5B723EF96010}.Debug|x86.ActiveCfg = Debug|Win32
		{F12A591B-B1B9-4407-8E91-5B723EF96010}.Debug|x86.Build.0 = Debug|Win32
		{F12A591B-B1B9-4407-8E91-5B723EF96010}.Release|x64.ActiveCfg = Release|x64
		{F12A591B-B1B9-4407-8E91-5B723EF96010}.Release|x64.Build.0 = Release|x64
		{F12A591B-B1B9-4407-8E91-5B723EF96010}.Release|x86.ActiveCfg = Release|Win32
		{F12A591B-B1B9-4407-8E91-5B723EF96010}.Release|x86.Build.0 = Release|Win32
		{653EBD13-50F3-4E74-B4C9-86C1FDD01BAE}.Debug|x64.ActiveCfg = Debug|x64
		{653EBD13-50F3-4E74-B4C9-86C1FDD01BAE}.Debug|x64.Build.0 = Debug|x64
		{653EBD13-50F3-4E74-B4C9-86C1FDD01BAE}.Debug|x86.ActiveCfg = Debug|Win32
		{653EBD13-50F3-4E74-B4C9-86C1FDD01BAE}.Debug|x86.Build.0 = Debug|Win32
		{653EBD13-50F3-4E74-B4C9-86C1FDD01BAE}.Release|x64.ActiveCfg = Release|x64
		{653EBD13-50F3-4E74-B4C9-86C1FDD01BAE}.Release|x64.Build.0 = Release|x64
		{653EBD13-50F3-4E74-B4C9-86C1FDD01BAE}.Release|x86.ActiveCfg = Release|Win32
		{653EBD13-50F3-4E74-B4C9-86C1FDD01BAE}.Release|x86.Build.0 = Release|Win32
		{3A0D0523-E1F0-4E74-9CC2-72B36EDF6F1B}.Debug|x64.ActiveCfg = Debug|x64
		{3A0D0523-E1F0-4E74-9CC2-72B36EDF6F1B}.Debug|x64.Build.0 = Debug|x64
		{3A0D0523-E1F0-4E74-9CC2-72B36EDF6F1B}.Debug|x86.ActiveCfg = Debug|Win32
		{3A0D0523-E1F0-4E74-9CC2-72B36EDF6F1B}.Debug|x86.Build.0 = Debug|Win32
		{3A0D0523-E1F0-4E74-9CC2-72B36EDF6F1B}.Release|x64.ActiveCfg = Release|x64
		{3A0D0523-E1F0-4E74-9CC2-72B36EDF6F1B}.Release|x64.Build.0 = Release|x64
		{3A0D0523-E1F0-4E74-9CC2-72B36EDF6F1B}.Release|x86.ActiveCfg = Release|Win32
		{3A0D0523-E1F0-4E74-9CC2-72B36EDF6F1B}.Release|x86.Build.0 = Release|Win32
		{E633603B-8D23-4A44-8DDF-D5006B16C891}.Debug|x64.ActiveCfg = Debug|x64
		{E633603B-8D23-4A44-8DDF-D5006B16C891}.Debug|x64.Build.0 = Debug|x64
		{E633603B-8D23-4A44-8DDF-D5006B16C891}.Debug|x86.ActiveCfg = Debug|Win32
		{E633603B-8D23-4A44-8DDF-D5006B16C891}.Debug|x86.Build.0 = Debug|Win32
		{E633603B-8D23-4A44-8DDF-D5006B16C891}.Release|x64.ActiveCfg = Release|x64
		{E633603B-8D23-4A44-8DDF-D5006B16C891}.Release|x64.Build.0 = Release|x64
		{E633603B-8D23-4A44-8DDF-D5006B16C891}.Release|x86.ActiveCfg = Release|Win32
		{E633603B-8D23-4A44-8DDF-D5006B16C891}.Release|x86.Build.0 = Release|Win32
		{8D8BCC44-70E2-4CF2-A88C-45E39A2CEBDF}.Debug|x64.ActiveCfg = Debug|x64
		{8D8BCC44-70E2-4CF2-A88C-45E39A2CEBDF}.Debug|x64.Build.0 = Debug|x64
		{8D8BCC44-70E2-4CF2-A88C-45E39A2CEBDF}.Debug|x86.ActiveCfg = Debug|Win32
		{8D8BCC44-70E2-4CF2-A88C-45E39A2CEBDF}.Debug|x86.Build.0 = Debug|Win32
		{8D8BCC44-70E2-4CF2-A88C-45E39A2CEBDF}.Release|x64.ActiveCfg = Release|x64
		{8D8BCC44-70E2-4CF2-A88C-45E39A2CEBDF}.Release|x64.Build.0 = Release|x64
		{8D8BCC44-70E2-4CF2-A88C-45E39A2CEBDF}.Release|x86.ActiveCfg = Release|Win32
		{8D8BCC44-70E2-4CF2-A88C-45E39A2CEBDF}.Release|x86.Build.0 = Release|Win32
		{E44BEBEE-699E-4224-B6A5-26292CE97F04}.Debug|x64.ActiveCfg = Debug|x64
		{E44BEBEE-699E-4224-B6A5-26292CE97F04}.Debug|x64.Build.0 = Debug|x64
		{E44BEBEE-699E-4224-B6A5-26292CE97F04}.Debug|x86.ActiveCfg = Debug|Win32
		{E44BEBEE-699E-4224-B6A5-26292CE97F04}.Debug|x86.Build.0 = Debug|Win32
		{E44BEBEE-699E-4224-B6A5-26292CE97F04}.Release|x64.ActiveCfg = Release|x64
		{E44BEBEE-699E-4224-B6A5-26292CE97F04}.Release|x64.Build.0 = Release|x64
		{E44BEBEE-699E-4224-B6A5-26292CE97F04}.Release|x86.ActiveCfg = Release|Win32
		{E44BEBEE-699E-4224-B6A5-26292CE97F04}.Release|x86.Build.0 = Release|Win32
		{5916448D-45B1-4FDA-902E-59B4F632F825}.Debug|x64.ActiveCfg = Debug|x64
		{5916448D-45B1-4FDA-902E-59B4F632F825}.Debug|x64.Build.0 = Debug|x64
		{5916448D-45B1-4FDA-902E-59B4F632F825}.Debug|x86.ActiveCfg = Debug|Win32
		{5916448D-45B1-4FDA-902E-59B4F632F825}.Debug|x86.Build.0 = Debug|Win32
		{5916448D-45B1-4FDA-902E-59B4F632F825}.Release|x64.ActiveCfg = Release|x64
		{5916448D-45B1-4FDA-902E-59B4F632F825}.Release|x64.Build.0 = Release|x64
		{5916448D-45B1-4FDA-902E-59B4F632F825}.Release|x86.ActiveCfg = Release|Win32
		{5916448D-45B1-4FDA-902E-59B4F632F825}.Release|x86.Build.0 = Release|Win32
		{BB53356D-E65B-4A82-9096-AD258773C42F}.Debug|x64.ActiveCfg = Debug|x64
		{BB53356D-E65B-4A82-9096-AD258773C42F}.Debug|x64.Build.0 = Debug|x64
		{BB53356D-E65B-4A82-9096-AD258773C42F}.Debug|x86.ActiveCfg = Debug|Win32
		{BB53356D-E65B-4A82-9096-AD258773C42F}.Debug|x86.Build.0 = Debug|Win32
		{BB53356D-E65B-4A82-9096-AD258773C42F}.Release|x64.ActiveCfg = Release|x64
		{BB53356D-E65B-4A82-9096-AD258773C42F}.Release|x64.Build.0 = Release|x64
		{BB53356D-E65B-4A82-9096-AD258773C42F}.Release|x86.ActiveCfg = Release|Win32
		{BB53356D-E65B-4A82-9096-AD258773C42F}.Release|x86.Build.0 = Release|Win32
		{B04F78F4-4D1F-4A9A-8EE0-7A7E614F5C8C}.Debug|x64.ActiveCfg = Debug|x64
		{B04F78F4-4D1F-4A9A-8EE0-7A7E614F5C8C}.Debug|x64.Build.0 = Debug|x64
		{B04F78F4-4D1F-4A9A-8EE0-7A7E614F5C8C}.Debug|x86.ActiveCfg = Debug|Win32
		{B04F78F4-4D1F-4A9A-8EE0-7A7E614F5C8C}.Debug|x86.Build.0 = Debug|Win32
		{B04F78F4-4D1F-4A9A-8EE0-7A7E614F5C8C}.Release|x64.ActiveCfg = Release|x64
		{B04F78F4-4D1F-4A9A-8EE0-7A7E614F5C8C}.Release|x64.Build.0 = Release|x64
		{B04F78F4-4D1F-4A9A-8EE0-7A7E614F5C8C}.Release|x86.ActiveCfg = Release|Win32
		{B04F78F4-4D1F-4A9A-8EE0-7A7E614F5C8C}.Release|x86.Build.0 = Release|Win32
		{0E47F3EB-7DFC-43BA-AA14-E54311DA0EC4}.Debug|x64.ActiveCfg = Debug|x64
		{0E47F3EB-7DFC-43BA-AA14-E54311DA0EC4}.Debug|x64.Build.0 = Debug|x64
		{0E47F3EB-7DFC-43BA-AA14-E54311DA0EC4}.Debug|x86.ActiveCfg = Debug|Win32
		{0E47F3EB-7DFC-43BA-AA14-E54311DA0EC4}.Debug|x86.Build.0 = Debug|Win32
		{0E47F3EB-7DFC-43BA-AA14-E54311DA0EC4}.Release|x64.ActiveCfg = Release|x64
		{0E47F3EB-7DFC-43BA-AA14-E54311DA0EC4}.Release|x64.Build.0 = Release|x64
		{0E47F3EB-7DFC-43BA-AA14-E54311DA0EC4}.Release|x86.ActiveCfg = Release|Win32
		{0E47F3EB-7DFC-43BA-AA14-E54311DA0EC4}.Release|x86.Build.0 = Release|Win32
		{B5900A81-2E9E-4E08-B882-6D2B08EC3F0C}.Debug|x64.ActiveCfg = Debug|x64
		{B5900A81-2E9E-4E08-B882-6D2B08EC3F0C}.Debug|x64.Build.0 = Debug|x64
		{B5900A81-2E9E-4E08-B882-6D2B08EC3F0C}.Debug|x86.ActiveCfg = Debug|Win32
		{B5900A81-2E9E-4E08-B882-6D2B08EC3F0C}.Debug|x86.Build.0 = Debug|Win32
		{B5900A81-2E9E-4E08-B882-6D2B08EC3F0C}.Release|x64.ActiveCfg = Release|x64
		{B5900A81-2E9E-4E08-B882-6D2B08EC3F0C}.Release|x64.Build.0 = Release|x64
		{B5900A81-2E9E-4E08-B882-6D2B08EC3F0C}.Release|x86.ActiveCfg = Release|Win32
		{B5900A81-2E9E-4E08-B882-6D2B08EC3F0C}.Release|x86.Build.0 = Release|Win32
		{0A61169D-F1F4-461D-84C5-EE5B25FEDC08}.Debug|x64.ActiveCfg = Debug|x64
		{0A61169D-F1F4-461D-84C5-EE5B25FEDC08}.Debug|x64.Build.0 = Debug|x64
		{0A61169D-F1F4-461D-84C5-EE5B25FEDC08}.Debug|x86.ActiveCfg = Debug|Win32
		{0A61169D-F1F4-461D-84C5-EE5B25FEDC08}.Debug|x86.Build.0 = Debug|Win32
		{0A61169D-F1F4-461D-84C5-EE5B25FEDC08}.Release|x64.ActiveCfg = Release|x64
		{0A61169D-F1F4-461D-84C5-EE5B25FEDC08}.Release|x64.Build.0 = Release|x64
		{0A61169D-F1F4-461D-84C5-EE5B25FEDC08}.Release|x86.ActiveCfg = Release|Win32
		{0A61169D-F1F4-461D-84C5-EE5B25FEDC08}.Release|x86.Build.0 = Release|Win32
		{F76DB12C-A130-45FD-BD09-0BA591F3F645}.Debug|x64.ActiveCfg = Debug|x64
		{F76DB12C-A130-45FD-BD09-0BA591F3F645}.Debug|x64.Build.0 = Debug|x64
		{F76DB12C-A130-45FD-BD09-0BA591F3F645}.Debug|x86.ActiveCfg = Debug|Win32
		{F76DB12C-A130-45FD-BD09-0BA591F3F645}.Debug|x86.Build.0 = Debug|Win32
		{F76DB12C-A130-45FD-BD09-0BA591F3F645}.Release|x64.ActiveCfg = Release|x64
		{F76DB12C-A130-45FD-BD09-0BA591F3F645}.Release|x64.Build.0 = Release|x64
		{F76DB12C-A130-45FD-BD09-0BA591F3F645}.Release|x86.ActiveCfg = Release|Win32
		{F76DB12C-A130-45FD-BD09-0BA591F3F645}.Release|x86.Build.0 = Release|Win32
		{60CB0580-7EAE-47A7-BEEB-1C0F3937A5D3}.Debug|x64.ActiveCfg = Debug|x64
		{60CB0580-7EAE-47A7-BEEB-1C0F3937A5D3}.Debug|x64.Build.0 = Debug|x64
		{60CB0580-7EAE-47A7-BEEB-1C0F3937A5D3}.Debug|x86.ActiveCfg = Debug|Win32
		{60CB0580-7EAE-47A7-BEEB-1C0F3937A5D3}.Debug|x86.Build.0 = Debug|Win32
		{60CB0580-7EAE-47A7-BEEB-1C0F3937A5D3}.Release|x64.ActiveCfg = Release|x64
		{60CB0580-7EAE-47A7-BEEB-1C0F3937A5D3}.Release|x64.Build.0 = Release|x64
		{60CB0580-7EAE-47A7-BEEB-1C0F3937A5D3}.Release|x86.ActiveCfg = Release|Win32
		{60CB0580-7EAE-47A7-BEEB-1C0F3937A5D3}.Release|x86.Build.0 = Release|Win32
		{D7F83037-F144-490F-847B-A9C9B43B72EA}.Debug|x64.ActiveCfg = Debug|x64
		{D7F83037-F144-490F-847B-A9C9B43B72EA}.Debug|x64.Build.0 = Debug|x64
		{D7F83037-F144-490F-847B-A9C9B43B72EA}.Debug|x86.ActiveCfg = Debug|Win32
		{D7F83037-F144-490F-847B-A9C9B43B72EA}.Debug|x86.Build.0 = Debug|Win32
		{D7F83037-F144-490F-847B-A9C9B43B72EA}.Release|x64.ActiveCfg = Release|x64
		{D7F83037-F144-490F-847B-A9C9B43B72EA}.Release|x64.Build.0 = Release|x64
		{D7F83037-F144-490F-847B-A9C9B43B72EA}.Release|x86.ActiveCfg = Release|Win32
		{D7F83037-F144-490F-847B-A9C9B43B72EA}.Release|x86.Build.0 = Release|Win32
		{CE1F273C-A2CE-434D-9C8B-A63264AD4BA5}.Debug|x64.ActiveCfg = Debug|x64
		{CE1F273C-A2CE-434D-9C8B-A63264AD4BA5}.Debug|x64.Build.0 = Debug|x64
		{CE1F273C-A2CE-434D-9C8B-A63264AD4BA5}.Debug|x86.ActiveCfg = Debug|Win32
		{CE1F273C-A2CE-434D-9C8B-A63264AD4BA5}.Debug|x86.Build.0 = Debug|Win32
		{CE1F273C-A2CE-434D-9C8B-A63264AD4BA5}.Release|x64.ActiveCfg = Release|x64
		{CE1F273C-A2CE-434D-9C8B-A63264AD4BA5}.Release|x64.Build.0 = Release|x64
		{CE1F273C-A2CE-434D-9C8B-A63264AD4BA5}.Release|x86.ActiveCfg = Release|Win32
		{CE1F273C-A2CE-434D-9C8B-A63264AD4BA5}.Release|x86.Build.0 = Release|Win32
		{E2E5C4EE-9563-4726-8F96-8912ADD734C6}.Debug|x64.ActiveCfg = Debug|x64
		{E2E5C4EE-9563-4726-8F96-8912ADD734C6}.Debug|x64.Build.0 = Debug|x64
		{E2E5C4EE-9563-4726-8F96-8912ADD734C6}.Debug|x86.ActiveCfg = Debug|Win32
		{E2E5C4EE-9563-4726-8F96-8912ADD734C6}.Debug|x86.Build.0 = Debug|Win32
		{E2E5C4EE-9563-4726-8F96-8912ADD734C6}.Release|x64.ActiveCfg = Release|x64
		{E2E5C4EE-9563-4726-8F96-8912ADD734C6}.Release|x64.Build.0 = Release|x64
		{E2E5C4EE-9563-4726-8F96-8912ADD734C6}.Release|x86.ActiveCfg = Release|Win32
		{E2E5C4EE-9563-4726-8F96-8912ADD734C6}.Release|x86.Build.0 = Release|Win32
		{A733DB70-0758-4145-8809-C0BB04D97604}.Debug|x64.ActiveCfg = Debug|x64
		{A733DB70-0758-4145-8809-C0BB04D97604}.Debug|x64.Build.0 = Debug|x64
		{A733DB70-0758-4145-8809-C0BB04D97604}.Debug|x86.ActiveCfg = Debug|Win32
		{A733DB70-0758-4145-8809-C0BB04D97604}.Debug|x86.Build.0 = Debug|Win32
		{A733DB70-0758-4145-8809-C0BB04D97604}.Release|x64.ActiveCfg = Release|x64
		{A733DB70-0758-4145-8809-C0BB04D97604}.Release|x64.Build.0 = Release|x64
		{A733DB70-0758-4145-8809-C0BB04D97604}.Release|x86.ActiveCfg = Release|Win32
		{A733DB70-0758-4145-8809-C0BB04D97604}.Release|x86.Build.0 = Release|Win32
		{50E2C21C-9A80-40FC-98E4-FFF8B558DC1F}.Debug|x64.ActiveCfg = Debug|x64
		{50E2C21C-9A80-40FC-98E4-FFF8B558DC1F}.Debug|x64.Build.0 = Debug|x64
		{50E2C21C-9A80-40FC-98E4-FFF8B558DC1F}.Debug|x86.ActiveCfg = Debug|Win32
		{50E2C21C-9A80-40FC-98E4-FFF8B558DC1F}.Debug|x86.Build.0 = Debug|Win32
		{50E2C21C-9A80-40FC-98E4-FFF8B558DC1F}.Release|x64.ActiveCfg = Release|x64
		{50E2C21C-9A80-40FC-98E4-FFF8B558DC1F}.Release|x64.Build.0 = Release|x64
		{50E2C21C-9A80-40FC-98E4-FFF8B558DC1F}.Release|x86.ActiveCfg = Release|Win32
		{50E2C21C-9A80-40FC-98E4-FFF8B558DC1F}.Release|x86.Build.0 = Release|Win32
		{D5B1EB11-C39C-4C50-94D4-409F75CB0E44}.Debug|x64.ActiveCfg = Debug|x64
		{D5B1EB11-C39C-4C50-94D4-409F75CB0E44}.Debug|x64.Build.0 = Debug|x64
		{D5B1EB11-C39C-4C50-94D4-409F75CB0E44}.Debug|x86.ActiveCfg = Debug|Win32
		{D5B1EB11-C39C-4C50-94D4-409F75CB0E44}.Debug|x86.Build.0 = Debug|Win32
		{D5B1EB11-C39C-4C50-94D4-409F75CB0E44}.Release|x64.ActiveCfg = Release|x64
		{D5B1EB11-C39C-4C50-94D4-409F75CB0E44}.Release|x64.Build.0 = Release|x64
		{D5B1EB11-C39C-4C50-94D4-409F75CB0E44}.Release|x86.ActiveCfg = Release|Win32
		{D5B1EB11-C39C-4C50-94D4-409F75CB0E44}.Release|x86.Build.0 = Release|Win32
		{4FD3435C-EBA2-4A0D-923C-2C47661EF58F}.Debug|x64.ActiveCfg = Debug|x64
		{4FD3435C-EBA2-4A0D-923C-2C47661EF58F}.Debug|x64.Build.0 = Debug|x64
		{4FD3435C-EBA2-4A0D-923C-2C47661EF58F}.Debug|x86.ActiveCfg = Debug|Win32
		{4FD3435C-EBA2-4A0D-923C-2C47661EF58F}.Debug|x86.Build.0 = Debug|Win32
		{4FD3435C-EBA2-4A0D-923C-2C47661EF58F}.Release|x64.ActiveCfg = Release|x64
		{4FD3435C-EBA2-4A0D-923C-2C47661EF58F}.Release|x64.Build.0 = Release|x64
		{4FD3435C-EBA2-4A0D-923C-2C47661EF58F}.Release|x86.ActiveCfg = Release|Win32
		{4FD3435C-EBA2-4A0D-923C-2C47661EF58F}.Release|x86.Build.0 = Release|Win32
		{A1BDC5A3-69BF-446A-A368-11CDEC5312E0}.Debug|x64.ActiveCfg = Debug|x64
		{A1BDC5A3-69BF-446A-A368-11CDEC5312E0}.Debug|x64.Build.0 = Debug|x64
		{A1BDC5A3-69BF-446A-A368-11CDEC5312E0}.Debug|x86.ActiveCfg = Debug|Win32
		{A1BDC5A3-69BF-446A-A368-11CDEC5312E0}.Debug|x86.Build.0 = Debug|Win32
		{A1BDC5A3-69BF-446A-A368-11CDEC5312E0}.Release|x64.ActiveCfg = Release|x64
		{A1BDC5A3-69BF-446A-A368-11CDEC5312E0}.Release|x64.Build.0 = Release|x64
		{A1BDC5A3-69BF-446A-A368-11CDEC5312E0}.Release|x86.ActiveCfg = Release|Win32
		{A1BDC5A3-69BF-446A-A368-11CDEC5312E0}.Release|x86.Build.0 = Release|Win32
		{5D996463-720A-45FB-A78F-C69CFC959B75}.Debug|x64.ActiveCfg = Debug|x64
		{5D996463-720A-45FB-A78F-C69CFC959B75}.Debug|x64.Build.0 = Debug|x64
		{5D996463-720A-45FB-A78F-C69CFC959B75}.Debug|x86.ActiveCfg = Debug|Win32
		{5D996463-720A-45FB-A78F-C69CFC959B75}.Debug|x86.Build.0 = Debug|Win32
		{5D996463-720A-45FB-A78F-C69CFC959B75}.Release|x64.ActiveCfg = Release|x64
		{5D996463-720A-45FB-A78F-C69CFC959B75}.Release|x64.Build.0 = Release|x64
		{5D996463-720A-45FB-A78F-C69CFC959B75}.Release|x86.ActiveCfg = Release|Win32
		{5D996463-720A-45FB-A78F-C69CFC959B75}.Release|x86.Build.0 = Release|Win32
		{0595A783-27F2-474E-8CE8-7152648A9724}.Debug|x64.ActiveCfg = Debug|x64
		{0595A783-27F2-474E-8CE8-7152648A9724}.Debug|x64.Build.0 = Debug|x64
		{0595A783-27F2-474E-8CE8-7152648A9724}.Debug|x86.ActiveCfg = Debug|Win32
		{0595A783-27F2-474E-8CE8-7152648A9724}.Debug|x86.Build.0 = Debug|Win32
		{0595A783-27F2-474E-8CE8-7152648A9724}.Release|x64.ActiveCfg = Release|x64
		{0595A783-27F2-474E-8CE8-7152648A9724}.Release|x64.Build.0 = Release|x64
		{0595A783-27F2-474E-8CE8-7152648A9724}.Release|x86.ActiveCfg = Release|Win32
		{0595A783-27F2-474E-8CE8-7152648A9724}.Release|x86.Build.0 = Release|Win32
		{5CF57F6A-E876-4F9C-8DFB-5FB70F39AD17}.Debug|x64.ActiveCfg = Debug|x64
		{5CF57F6A-E876-4F9C-8DFB-5FB70F39AD17}.Debug|x64.Build.0 = Debug|x64
		{5CF57F6A-E876-4F9C-8DFB-5FB70F39AD17}.Debug|x86.ActiveCfg = Debug|Win32
		{5CF57F6A-E876-4F9C-8DFB-5FB70F39AD17}.Debug|x86.Build.0 = Debug|Win32
		{5CF57F6A-E876-4F9C-8DFB-5FB70F39AD17}.Release|x64.ActiveCfg = Release|x64
		{5CF57F6A-E876-4F9C-8DFB-5FB70F39AD17}.Release|x64.Build.0 = Release|x64
		{5CF57F6A-E876-4F9C-8DFB-5FB70F39AD17}.Release|x86.ActiveCfg = Release|Win32
		{5CF57F6A-E876-4F9C-8DFB-5FB70F39AD17}.Release|x86.Build.0 = Release|Win32
		{C5E12588-B633-4081-810D-F21FA0AADF87}.Debug|x64.ActiveCfg = Debug|x64
		{C5E12588-B633-4081-810D-F21FA0AADF87}.Debug|x64.Build.0 = Debug|x64
		{C5E12588-B633-4081-810D-F21FA0AADF87}.Debug|x86.ActiveCfg = Debug|Win32
		{C5E12588-B633-4081-810D-F21FA0AADF87}.Debug|x86.Build.0 = Debug|Win32
		{C5E12588-B633-4081-810D-F21FA0AADF87}.Release|x64.ActiveCfg = Release|x64
		{C5E12588-B633-4081-810D-F21FA0AADF87}.Release|x64.Build.0 = Release|x64
		{C5E12588-B633-4081-810D-F21FA0AADF87}.Release|x86.ActiveCfg = Release|Win32
		{C5E12588-B633-4081-810D-F21FA0AADF87}.Release|x86.Build.0 = Release|Win32
		{17B0C5B4-7A36-43C1-AEBC-02D91C99AB5E}.Debug|x64.ActiveCfg = Debug|x64
		{17B0C5B4-7A36-43C1-AEBC-02D91C99AB5E}.Debug|x64.Build.0 = Debug|x64
		{17B0C5B4-7A36-43C1-AEBC-02D91C99AB5E}.Debug|x86.ActiveCfg = Debug|Win32
		{17B0C5B4-7A36-43C1-AEBC-02D91C99AB5E}.Debug|x86.Build.0 = Debug|Win32
		{17B0C5B4-7A36-43C1-AEBC-02D91C99AB5E}.Release|x64.ActiveCfg = Release|x64
		{17B0C5B4-7A36-43C1-AEBC-02D91C99AB5E}.Release|x64.Build.0 = Release|x64
		{17B0C5B4-7A36-43C1-AEBC-02D91C99AB5E}.Release|x86.ActiveCfg = Release|Win32
		{17B0C5B4-7A36-43C1-AEBC-02D91C99AB5E}.Release|x86.Build.0 = Release|Win32
		{F6627F52-ADCC-45DE-9681-17EB0C3B35CC}.Debug|x64.ActiveCfg = Debug|x64
		{F6627F52-ADCC-45DE-9681-17EB0C3B35CC}.Debug|x64.Build.0 = Debug|x64
		{F6627F52-ADCC-45DE-9681-17EB0C3B35CC}.Debug|x86.ActiveCfg = Debug|Win32
		{F6627F52-ADCC-45DE-9681-17EB0C3B35CC}.Debug|x86.Build.0 = Debug|Win32
		{F6627F52-ADCC-45DE-9681-17EB0C3B35CC}.Release|x64.ActiveCfg = Release|x64
		{F6627F52-ADCC-45DE-9681-17EB0C3B35CC}.Release|x64.Build.0 = Release|x64
		{F6627F52-ADCC-45DE-9681-17EB0C3B35CC}.Release|x86.ActiveCfg = Release|Win32
		{F6627F52-ADCC-45DE-9681-17EB0C3B35CC}.Release|x86.Build.0 = Release|Win32
		{D02B7FF1-F2B6-48A3-8BBC-2BFBE90CBE23}.Debug|x64.ActiveCfg = Debug|x64
		{D02B7FF1-F2B6-48A3-8BBC-2BFBE90CBE23}.Debug|x64.Build.0 = Debug|x64
		{D02B7FF1-F2B6-48A3-8BBC-2BFBE90CBE23}.Debug|x86.ActiveCfg = Debug|Win32
		{D02B7FF1-F2B6-48A3-8BBC-2BFBE90CBE23}.Debug|x86.Build.0 = Debug|Win32
		{D02B7FF1-F2B6-48A3-8BBC-2BFBE90CBE23}.Release|x64.ActiveCfg = Release|x64
		{D02B7FF1-F2B6-48A3-8BBC-2BFBE90CBE23}.Release|x64.Build.0 = Release|x64
		{D02B7FF1-F2B6-48A3-8BBC-2BFBE90CBE23}.Release|x86.ActiveCfg = Release|Win32
		{D02B7FF1-F2B6-48A3-8BBC-2BFBE90CBE23}.Release|x86.Build.0 = Release|Win32
		{87A38B66-92E8-46C0-BDDB-FB458138819C}.Debug|x64.ActiveCfg = Debug|x64
		{87A38B66-92E8-46C0-BDDB-FB458138819C}.Debug|x64.Build.0 = Debug|x64
		{87A38B66-92E8-46C0-BDDB-FB458138819C}.Debug|x86.ActiveCfg = Debug|Win32
		{87A38B66-92E8-46C0-BDDB-FB458138819C}.Debug|x86.Build.0 = Debug|Win32
		{87A38B66-92E8-46C0-BDDB-FB458138819C}.Release|x64.ActiveCfg = Release|x64
		{87A38B66-92E8-46C0-BDDB-FB458138819C}.Release|x64.Build.0 = Release|x64
		{87A38B66-92E8-46C0-BDDB-FB458138819C}.Release|x86.ActiveCfg = Release|Win32
		{87A38B66-92E8-46C0-BDDB-FB458138819C}.Release|x86.Build.0 = Release|Win32
		{8726EEF2-158E-40FE-AE0A-E69DDDA025EB}.Debug|x64.ActiveCfg = Debug|x64
		{8726EEF2-158E-40FE-AE0A-E69DDDA025EB}.Debug|x64.Build.0 = Debug|x64
		{8726EEF2-158E-40FE-AE0A-E69DDDA025EB}.Debug|x86.ActiveCfg = Debug|Win32
		{8726EEF2-158E-40FE-AE0A-E69DDDA025EB}.Debug|x86.Build.0 = Debug|Win32
		{8726EEF2-158E-40FE-AE0A-E69DDDA025EB}.Release|x64.ActiveCfg = Release|x64
		{8726EEF2-158E-40FE-AE0A-E69DDDA025EB}.Release|x64.Build.0 = Release|x64
		{8726EEF2-158E-40FE-AE0A-E69DDDA025EB}.Release|x86.ActiveCfg = Release|Win32
		{8726EEF2-158E-40FE-AE0A-E69DDDA025EB}.Release|x86.Build.0 = Release|Win32
		{1A9339AA-1D32-400F-8ED6-235BB10D096B}.Debug|x64.ActiveCfg = Debug|x64
		{1A9339AA-1D32-400F-8ED6-235BB10D096B}.Debug|x64.Build.0 = Debug|x64
		{1A9339AA-1D32-400F-8ED6-235BB10D096B}.Debug|x86.ActiveCfg = Debug|Win32
		{1A9339AA-1D32-400F-8ED6-235BB10D096B}.Debug|x86.Build.0 = Debug|Win32
		{1A9339AA-1D32-400F-8ED6-235BB10D096B}.Release|x64.ActiveCfg = Release|x64
		{1A9339AA-1D32-400F-8ED6-235BB10D096B}.Release|x64.Build.0 = Release|x64
		{1A9339AA-1D32-400F-8ED6-235BB10D096B}.Release|x86.ActiveCfg = Release|Win32
		{1A9339AA-1D32-400F-8ED6-235BB10D096B}.Release|x86.Build.0 = Release|Win32
		{8F024263-6DB2-4177-9D66-0B9EC741E325}.Debug|x64.ActiveCfg = Debug|x64
		{8F024263-6DB2-4177-9D66-0B9EC741E325}.Debug|x64.Build.0 = Debug|x64
		{8F024263-6DB2-4177-9D66-0B9EC741E325}.Debug|x86.ActiveCfg = Debug|Win32
		{8F024263-6DB2-4177-9D66-0B9EC741E325}.Debug|x86.Build.0 = Debug|Win32
		{8F024263-6DB2-4177-9D66-0B9EC741E325}.Release|x64.ActiveCfg = Release|x64
		{8F024263-6DB2-4177-9D66-0B9EC741E325}.Release|x64.Build.0 = Release|x64
		{8F024263-6DB2-4177-9D66-0B9EC741E325}.Release|x86.ActiveCfg = Release|Win32
		{8F024263-6DB2-4177-9D66-0B9EC741E325}.Release|x86.Build.0 = Release|Win32
		{14FB0518-BEB2-482C-AC6D-FF1D467D58D6}.Debug|x64.ActiveCfg = Debug|x64
		{14FB0518-BEB2-482C-AC6D-FF1D467D58D6}.Debug|x64.Build.0 = Debug|x64
		{14FB0518-BEB2-482C-AC6D-FF1D467D58D6}.Debug|x86.ActiveCfg = Debug|Win32
		{14FB0518-BEB2-482C-AC6D-FF1D467D58D6}.Debug|x86.Build.0 = Debug|Win32
		{14FB0518-BEB2-482C-AC6D-FF1D467D58D6}.Release|x64.ActiveCfg = Release|x64
		{14FB0518-BEB2-482C-AC6D-FF1D467D58D6}.Release|x64.Build.0 = Release|x64
		{14FB0518-BEB2-482C-AC6D-FF1D467D58D6}.Release|x86.ActiveCfg = Release|Win32
		{14FB0518-BEB2-482C-AC6D-FF1D467D58D6}.Release|x86.Build.0 = Release|Win32
		{CF2DD77E-CE4E-4E22-B3A0-C0EAAAE44BA4}.Debug|x64.ActiveCfg = Debug|x64
		{CF2DD77E-CE4E-4E22-B3A0-C0EAAAE44BA4}.Debug|x64.Build.0 = Debug|x64
		{CF2DD77E-CE4E-4E22-B3A0-C0EAAAE44BA4}.Debug|x86.ActiveCfg = Debug|Win32
		{CF2DD77E-CE4E-4E22-B3A0-C0EAAAE44BA4}.Debug|x86.Build.0 = Debug|Win32
		{CF2DD77E-CE4E-4E22-B3A0-C0EAAAE44BA4}.Release|x64.ActiveCfg = Release|x64
		{CF2DD77E-CE4E-4E22-B3A0-C0EAAAE44BA4}.Release|x64.Build.0 = Release|x64
		{CF2DD77E-CE4E-4E22-B3A0-C0EAAAE44BA4}.Release|x86.ActiveCfg = Release|Win32
		{CF2DD77E-CE4E-4E22-B3A0-C0EAAAE44BA4}.Release|x86.Build.0 = Release|Win32
		{08DA1DA6-A0B5-495B-A8F2-A8D9DBE91EFB}.Debug|x64.ActiveCfg = Debug|x64
		{08DA1DA6-A0B5-495B-A8F2-A8D9DBE91EFB}.Debug|x64.Build.0 = Debug|x64
		{08DA1DA6-A0B5-495B-A8F2-A8D9DBE91EFB}.Debug|x86.ActiveCfg = Debug|Win32
		{08DA1DA6-A0B5-495B-A8F2-A8D9DBE91EFB}.Debug|x86.Build.0 = Debug|Win32
		{08DA1DA6-A0B5-495B-A8F2-A8D9DBE91EFB}.Release|x64.ActiveCfg = Release|x64
		{08DA1DA6-A0B5-495B-A8F2-A8D9DBE91EFB}.Release|x64.Build.0 = Release|x64
		{08DA1DA6-A0B5-495B-A8F2-A8D9DBE91EFB}.Release|x86.ActiveCfg = Release|Win32
		{08DA1DA6-A0B5-495B-A8F2-A8D9DBE91EFB}.Release|x86.Build.0 = Release|Win32
		{7562C0DB-FA21-4102-B633-EDDDBF6925A5}.Debug|x64.ActiveCfg = Debug|x64
		{7562C0DB-FA21-4102-B633-EDDDBF6925A5}.Debug|x64.Build.0 = Debug|x64
		{7562C0DB-FA21-4102-B633-EDDDBF6925A5}.Debug|x86.ActiveCfg = Debug|Win32
		{7562C0DB-FA21-4102-B633-EDDDBF6925A5}.Debug|x86.Build.0 = Debug|Win32
		{7562C0DB-FA21-4102-B633-EDDDBF6925A5}.Release|x64.ActiveCfg = Release|x64
		{7562C0DB-FA21-4102-B633-EDDDBF6925A5}.Release|x64.Build.0 = Release|x64
		{7562C0DB-FA21-4102-B633-EDDDBF6925A5}.Release|x86.ActiveCfg = Release|Win32
		{7562C0DB-FA21-4102-B633-EDDDBF6925A5}.Release|x86.Build.0 = Release|Win32
		{6277D58E-BC37-4467-939A-9659361EDCA3}.Debug|x64.ActiveCfg = Debug|x64
		{6277D58E-BC37-4467-939A-9659361EDCA3}.Debug|x64.Build.0 = Debug|x64
		{6277D58E-BC37-4467-939A-9659361EDCA3}.Debug|x86.ActiveCfg = Debug|Win32
		{6277D58E-BC37-4467-939A-9659361EDCA3}.Debug|x86.Build.0 = Debug|Win32
		{6277D58E-BC37-4467-939A-9659361EDCA3}.Release|x64.ActiveCfg = Release|x64
		{6277D58E-BC37-4467-939A-9659361EDCA3}.Release|x64.Build.0 = Release|x64
		{6277D58E-BC37-4467-939A-9659361EDCA3}.Release|x86.ActiveCfg = Release|Win32
		{6277D58E-BC37-4467-939A-9659361EDCA3}.Release|x86.Build.0 = Release|Win32
		{F8E889B6-FB01-4590-BE90-93464C93ABDE}.Debug|x64.ActiveCfg = Debug|x64
		{F8E889B6-FB01-4590-BE90-93464C93ABDE}.Debug|x64.Build.0 = Debug|x64
		{F8E889B6-FB01-4590-BE90-93464C93ABDE}.Debug|x86.ActiveCfg = Debug|Win32
		{F8E889B6-FB01-4590-BE90-93464C93ABDE}.Debug|x86.Build.0 = Debug|Win32
		{F8E889B6-FB01-4590-BE90-93464C93ABDE}.Release|x64.ActiveCfg = Release|x64
		{F8E889B6-FB01-4590-BE90-93464C93ABDE}.Release|x64.Build.0 = Release|x64
		{F8E889B6-FB01-4590-BE90-93464C93ABDE}.Release|x86.ActiveCfg = Release|Win32
		{F8E889B6-FB01-4590-BE90-93464C93ABDE}.Release|x86.Build.0 = Release|Win32
		{F9986AE0-B63C-4C6C-8DE6-84EB39F4A3F7}.Debug|x64.ActiveCfg = Debug|x64
		{F9986AE0-B63C-4C6C-8DE6-84EB39F4A3F7}.Debug|x64.Build.0 = Debug|x64
		{F9986AE0-B63C-4C6C-8DE6-84EB39F4A3F7}.Debug|x86.ActiveCfg = Debug|Win32
		{F9986AE0-B63C-4C6C-8DE6-84EB39F4A3F7}.Debug|x86.Build.0 = Debug|Win32
		{F9986AE0-B63C-4C6C-8DE6-84EB39F4A3F7}.Release|x64.ActiveCfg = Release|x64
		{F9986AE0-B63C-4C6C-8DE6-84EB39F4A3F7}.Release|x64.Build.0 = Release|x64
		{F9986AE0-B63C-4C6C-8DE6-84EB39F4A3F7}.Release|x86.ActiveCfg = Release|Win32
		{F9986AE0-B63C-4C6C-8DE6-84EB39F4A3F7}.Release|x86.Build.0 = Release|Win32
		{A4684613-496C-40B8-8418-7E40C614DA6C}.Debug|x64.ActiveCfg = Debug|x64
		{A4684613-496C-40B8-8418-7E40C614DA6C}.Debug|x64.Build.0 = Debug|x64
		{A4684613-496C-40B8-8418-7E40C614DA6C}.Debug|x86.ActiveCfg = Debug|Win32
		{A4684613-496C-40B8-8418-7E40C614DA6C}.Debug|x86.Build.0 = Debug|Win32
		{A4684613-496C-40B8-8418-7E40C614DA6C}.Release|x64.ActiveCfg = Release|x64
		{A4684613-496C-40B8-8418-7E40C614DA6C}.Release|x64.Build.0 = Release|x64
		{A4684613-496C-40B8-8418-7E40C614DA6C}.Release|x86.ActiveCfg = Release|Win32
		{A4684613-496C-40B8-8418-7E40C614DA6C}.Release|x86.Build.0 = Release|Win32
		{B076BF97-464C-49AA-9AE3-C492399876D9}.Debug|x64.ActiveCfg = Debug|x64
		{B076BF97-464C-49AA-9AE3-C492399876D9}.Debug|x64.Build.0 = Debug|x64
		{B076BF97-464C-49AA-9AE3-C492399876D9}.Debug|x86.ActiveCfg = Debug|Win32
		{B076BF97-464C-49AA-9AE3-C492399876D9}.Debug|x86.Build.0 = Debug|Win32
		{B076BF97-464C-49AA-9AE3-C492399876D9}.Release|x64.ActiveCfg = Release|x64
		{B076BF97-464C-49AA-9AE3-C492399876D9}.Release|x64.Build.0 = Release|x64
		{B076BF97-464C-49AA-9AE3-C492399876D9}.Release|x86.ActiveCfg = Release|Win32
		{B076BF97-464C-49AA-9AE3-C492399876D9}.Release|x86.Build.0 = Release|Win32
		{58DB7DD1-1A67-45DC-9972-18168225580E}.Debug|x64.ActiveCfg = Debug|x64
		{58DB7DD1-1A67-45DC-9972-18168225580E}.Debug|x64.Build.0 = Debug|x64
		{58DB7DD1-1A67-45DC-9972-18168225580E}.Debug|x86.ActiveCfg = Debug|Win32
		{58DB7DD1-1A67-45DC-9972-18168225580E}.Debug|x86.Build.0 = Debug|Win32
		{58DB7DD1-1A67-45DC-9972-18168225580E}.Release|x64.ActiveCfg = Release|x64
		{58DB7DD1-1A67-45DC-9972-18168225580E}.Release|x64.Build.0 = Release|x64
		{58DB7DD1-1A67-45DC-9972-18168225580E}.Release|x86.ActiveCfg = Release|Win32
		{58DB7DD1-1A67-45DC-9972-18168225580E}.Release|x86.Build.0 = Release|Win32
		{DDA0D5A4-8CF2-482C-BBBB-22B9736D860E}.Debug|x64.ActiveCfg = Debug|x64
		{DDA0D5A4-8CF2-482C-BBBB-22B9736D860E}.Debug|x64.Build.0 = Debug|x64
		{DDA0D5A4-8CF2-482C-BBBB-22B9736D860E}.Debug|x86.ActiveCfg = Debug|Win32
		{DDA0D5A4-8CF2-482C-BBBB-22B9736D860E}.Debug|x86.Build.0 = Debug|Win32
		{DDA0D5A4-8CF2-482C-BBBB-22B9736D860E}.Release|x64.ActiveCfg = Release|x64
		{DDA0D5A4-8CF2-482C-BBBB-22B9736D860E}.Release|x64.Build.0 = Release|x64
		{DDA0D5A4-8CF2-482C-BBBB-22B9736D860E}.Release|x86.ActiveCfg = Release|Win32
		{DDA0D5A4-8CF2-482C-BBBB-22B9736D860E}.Release|x86.Build.0 = Release|Win32
		{1EB84BB6-B976-41D0-A7B7-CB76BB82E2D5}.Debug|x64.ActiveCfg = Debug|x64
		{1EB84BB6-B976-41D0-A7B7-CB76BB82E2D5}.Debug|x64.Build.0 = Debug|x64
		{1EB84BB6-B976-41D0-A7B7-CB76BB82E2D5}.Debug|x86.ActiveCfg = Debug|Win32
		{1EB84BB6-B976-41D0-A7B7-CB76BB82E2D5}.Debug|x86.Build.0 = Debug|Win32
		{1EB84BB6-B976-41D0-A7B7-CB76BB82E2D5}.Release|x64.ActiveCfg = Release|x64
		{1EB84BB6-B976-41D0-A7B7-CB76BB82E2D5}.Release|x64.Build.0 = Release|x64
		{1EB84BB6-B976-41D0-A7B7-CB76BB82E2D5}.Release|x86.ActiveCfg = Release|Win32
		{1EB84BB6-B976-41D0-A7B7-CB76BB82E2D5}.Release|x86.Build.0 = Release|Win32
		{FC78F150-7332-4668-9FC1-9E7126B0C358}.Debug|x64.ActiveCfg = Debug|x64
		{FC78F150-7332-4668-9FC1-9E7126B0C358}.Debug|x64.Build.0 = Debug|x64
		{FC78F150-7332-4668-9FC1-9E7126B0C358}.Debug|x86.ActiveCfg = Debug|Win32
		{FC78F150-7332-4668-9FC1-9E7126B0C358}.Debug|x86.Build.0 = Debug|Win32
		{FC78F150-7332-4668-9FC1-9E7126B0C358}.Release|x64.ActiveCfg = Release|x64
		{FC78F150-7332-4668-9FC1-9E7126B0C358}.Release|x64.Build.0 = Release|x64
		{FC78F150-7332-4668-9FC1-9E7126B0C358}.Release|x86.ActiveCfg = Release|Win32
		{FC78F150-7332-4668-9FC1-9E7126B0C358}.Release|x86.Build.0 = Release|Win32
		{EA132C5E-7277-4374-87EA-0B178164BF3D}.Debug|x64.ActiveCfg = Debug|x64
		{EA132C5E-7277-4374-87EA-0B178164BF3D}.Debug|x64.Build.0 = Debug|x64
		{EA132C5E-7277-4374-87EA-0B178164BF3D}.Debug|x86.ActiveCfg = Debug|Win32
		{EA132C5E-7277-4374-87EA-0B178164BF3D}.Debug|x86.Build.0 = Debug|Win32
		{EA132C5E-7277-4374-87EA-0B178164BF3D}.Release|x64.ActiveCfg = Release|x64
		{EA132C5E-7277-4374-87EA-0B178164BF3D}.Release|x64.Build.0 = Release|x64
		{EA132C5E-7277-4374-87EA-0B178164BF3D}.Release|x86.ActiveCfg = Release|Win32
		{EA132C5E-7277-4374-87EA-0B178164BF3D}.Release|x86.Build.0 = Release|Win32
		{95ABF3DC-8B59-409E-B096-E2D780BE5EC8}.Debug|x64.ActiveCfg = Debug|x64
		{95ABF3DC-8B59-409E-B096-E2D780BE5EC8}.Debug|x64.Build.0 = Debug|x64
		{95ABF3DC-8B59-409E-B096-E2D780BE5EC8}.Debug|x86.ActiveCfg = Debug|Win32
		{95ABF3DC-8B59-409E-B096-E2D780BE5EC8}.Debug|x86.Build.0 = Debug|Win32
		{95ABF3DC-8B59-409E-B096-E2D780BE5EC8}.Release|x64.ActiveCfg = Release|x64
		{95ABF3DC-8B59-409E-B096-E2D780BE5EC8}.Release|x64.Build.0 = Release|x64
		{95ABF3DC-8B59-409E-B096-E2D780BE5EC8}.Release|x86.ActiveCfg = Release|Win32
		{95ABF3DC-8B59-409E-B096-E2D780BE5EC8}.Release|x86.Build.0 = Release|Win32
		{CEBDFAAA-5AC2-47E5-AB8A-540150266C3F}.Debug|x64.ActiveCfg = Debug|x64
		{CEBDFAAA-5AC2-47E5-AB8A-540150266C3F}.Debug|x64.Build.0 = Debug|x64
		{CEBDFAAA-5AC2-47E5-AB8A-540150266C3F}.Debug|x86.ActiveCfg = Debug|Win32
		{CEBDFAAA-5AC2-47E5-AB8A-540150266C3F}.Debug|x86.Build.0 = Debug|Win32
		{CEBDFAAA-5AC2-47E5-AB8A-540150266C3F}.Release|x64.ActiveCfg = Release|x64
		{CEBDFAAA-5AC2-47E5-AB8A-540150266C3F}.Release|x64.Build.0 = Release|x64
		{CEBDFAAA-5AC2-47E5-AB8A-540150266C3F}.Release|x86.ActiveCfg = Release|Win32
		{CEBDFAAA-5AC2-47E5-AB8A-540150266C3F}.Release|x86.Build.0 = Release|Win32
		{9DEB8C96-1AAF-4A93-9C28-63C8040E0D7C}.Debug|x64.ActiveCfg = Debug|x64
		{9DEB8C96-1AAF-4A93-9C28-63C8040E0D7C}.Debug|x64.Build.0 = Debug|x64
		{9DEB8C96-1AAF-4A93-9C28-63C8040E0D7C}.Debug|x86.ActiveCfg = Debug|Win32
		{9DEB8C96-1AAF-4A93-9C28-63C8040E0D7C}.Debug|x86.Build.0 = Debug|Win32
		{9DEB8C96-1AAF-4A93-9C28-63C8040E0D7C}.Release|x64.ActiveCfg = Release|x64
		{9DEB8C96-1AAF-4A93-9C28-63C8040E0D7C}.Release|x64.Build.0 = Release|x64
		{9DEB8C96-1AAF-4A93-9C28-63C8040E0D7C}.Release|x86.ActiveCfg = Release|Win32
		{9DEB8C96-1AAF-4A93-9C28-63C8040E0D7C}.Release|x86.Build.0 = Release|Win32
		{BDA1C9EA-8246-44E1-964B-7CBA325BF189}.Debug|x64.ActiveCfg = Debug|x64
		{BDA1C9EA-8246-44E1-964B-7CBA325BF189}.Debug|x64.Build.0 = Debug|x64
		{BDA1C9EA-8246-44E1-964B-7CBA325BF189}.Debug|x86.ActiveCfg = Debug|Win32
		{BDA1C9EA-8246-44E1-964B-7CBA325BF189}.Debug|x86.Build.0 = Debug|Win32
		{BDA1C9EA-8246-44E1-964B-7CBA325BF189}.Release|x64.ActiveCfg = Release|x64
		{BDA1C9EA-8246-44E1-964B-7CBA325BF189}.Release|x64.Build.0 = Release|x64
		{BDA1C9EA-8246-44E1-964B-7CBA325BF189}.Release|x86.ActiveCfg = Release|Win32
		{BDA1C9EA-8246-44E1-964B-7CBA325BF189}.Release|x86.Build.0 = Release|Win32
		{EFD215BC-8D53-4FF0-BCBC-B775365D604D}.Debug|x64.ActiveCfg = Debug|x64
		{EFD215BC-8D53-4FF0-BCBC-B775365D604D}.Debug|x64.Build.0 = Debug|x64
		{EFD215BC-8D53-4FF0-BCBC-B775365D604D}.Debug|x86.ActiveCfg = Debug|Win32
		{EFD215BC-8D53-4FF0-BCBC-B775365D604D}.Debug|x86.Build.0 = Debug|Win32
		{EFD215BC-8D53-4FF0-BCBC-B775365D604D}.Release|x64.ActiveCfg = Release|x64
		{EFD215BC-8D53-4FF0-BCBC-B775365D604D}.Release|x64.Build.0 = Release|x64
		{EFD215BC-8D53-4FF0-BCBC-B775365D604D}.Release|x86.ActiveCfg = Release|Win32
		{EFD215BC-8D53-4FF0-BCBC-B775365D604D}.Release|x86.Build.0 = Release|Win32
		{B86388BF-D744-438C-B4E5-FA90C0A2586B}.Debug|x64.ActiveCfg = Debug|x64
		{B86388BF-D744-438C-B4E5-FA90C0A2586B}.Debug|x64.Build.0 = Debug|x64
		{B86388BF-D744-438C-B4E5-FA90C0A2586B}.Debug|x86.ActiveCfg = Debug|Win32
		{B86388BF-D744-438C-B4E5-FA90C0A2586B}.Debug|x86.Build.0 = Debug|Win32
		{B86388BF-D744-438C-B4E5-FA90C0A2586B}.Release|x64.ActiveCfg = Release|x64
		{B86388BF-D744-438C-B4E5-FA90C0A2586B}.Release|x64.Build.0 = Release|x64
		{B86388BF-D744-438C-B4E5-FA90C0A2586B}.Release|x86.ActiveCfg = Release|Win32
		{B86388BF-D744-438C-B4E5-FA90C0A2586B}.Release|x86.Build.0 = Release|Win32
		{81F7B171-27BC-41BC-95B0-22B10BD89465}.Debug|x64.ActiveCfg = Debug|x64
		{81F7B171-27BC-41BC-95B0-22B10BD89465}.Debug|x64.Build.0 = Debug|x64
		{81F7B171-27BC-41BC-95B0-22B10BD89465}.Debug|x86.ActiveCfg = Debug|Win32
		{81F7B171-27BC-41BC-95B0-22B10BD89465}.Debug|x86.Build.0 = Debug|Win32
		{81F7B171-27BC-41BC-95B0-22B10BD89465}.Release|x64.ActiveCfg = Release|x64
		{81F7B171-27BC-41BC-95B0-22B10BD89465}.Release|x64.Build.0 = Release|x64
		{81F7B171-27BC-41BC-95B0-22B10BD89465}.Release|x86.ActiveCfg = Release|Win32
		{81F7B171-27BC-41BC-95B0-22B10BD89465}.Release|x86.Build.0 = Release|Win32
		{56C44F55-0FCD-491D-82D5-DF477D70C8D6}.Debug|x64.ActiveCfg = Debug|x64
		{56C44F55-0FCD-491D-82D5-DF477D70C8D6}.Debug|x64.Build.0 = Debug|x64
		{56C44F55-0FCD-491D-82D5-DF477D70C8D6}.Debug|x86.ActiveCfg = Debug|Win32
		{56C44F55-0FCD-491D-82D5-DF477D70C8D6}.Debug|x86.Build.0 = Debug|Win32
		{56C44F55-0FCD-491D-82D5-DF477D70C8D6}.Release|x64.ActiveCfg = Release|x64
		{56C44F55-0FCD-491D-82D5-DF477D70C8D6}.Release|x64.Build.0 = Release|x64
		{56C44F55-0FCD-491D-82D5-DF477D70C8D6}.Release|x86.ActiveCfg = Release|Win32
		{56C44F55-0FCD-491D-82D5-DF477D70C8D6}.Release|x86.Build.0 = Release|Win32
	EndGlobalSection
	GlobalSection(SolutionProperties) = preSolution
		HideSolutionNode = FALSE
	EndGlobalSection
	GlobalSection(ExtensibilityGlobals) = postSolution
		SolutionGuid = {014C43EA-9AD6-46C4-BCA3-28A0F92D0CE8}
	EndGlobalSection
EndGlobal
